// !$*UTF8*$!
{
	archiveVersion = 1;
	classes = {
	};
	objectVersion = 56;
	objects = {

/* Begin PBXBuildFile section */
		1E14DCA061D07AC147FCF1EE /* Pods_GlobalWeather.framework in Frameworks */ = {isa = PBXBuildFile; fileRef = EDC4795345FF2FB6DEE1B27D /* Pods_GlobalWeather.framework */; };
		4A46B2984D1CC0A8950A9063 /* Pods_GlobalWeather_GlobalWeatherUITests.framework in Frameworks */ = {isa = PBXBuildFile; fileRef = 166DE02C0FA9FAEE579E4645 /* Pods_GlobalWeather_GlobalWeatherUITests.framework */; };
		B2222BD2728D5FF072FF99E8 /* Pods_GlobalWeatherTests.framework in Frameworks */ = {isa = PBXBuildFile; fileRef = 682BCE58B4DED326D02CEC73 /* Pods_GlobalWeatherTests.framework */; };
		CE0D65732A77E0D9007B5713 /* AppServiceLocator.swift in Sources */ = {isa = PBXBuildFile; fileRef = CE0D65722A77E0D9007B5713 /* AppServiceLocator.swift */; };
		CE1B9D262A7E99CA00C6D5C0 /* LaunchScreen.storyboard in Resources */ = {isa = PBXBuildFile; fileRef = CE1B9D252A7E99CA00C6D5C0 /* LaunchScreen.storyboard */; };
		CE1D94E52A7BF0DC0058EBBF /* WeatherRouter.swift in Sources */ = {isa = PBXBuildFile; fileRef = CE1D94E42A7BF0DC0058EBBF /* WeatherRouter.swift */; };
		CE1D94E82A7BF1F10058EBBF /* Location.swift in Sources */ = {isa = PBXBuildFile; fileRef = CE1D94E72A7BF1F10058EBBF /* Location.swift */; };
		CE1D94EA2A7BFAB20058EBBF /* CityWeatherResponse.swift in Sources */ = {isa = PBXBuildFile; fileRef = CE1D94E92A7BFAB20058EBBF /* CityWeatherResponse.swift */; };
		CE1D94EC2A7BFC7E0058EBBF /* WeatherServiceError.swift in Sources */ = {isa = PBXBuildFile; fileRef = CE1D94EB2A7BFC7E0058EBBF /* WeatherServiceError.swift */; };
		CE21D73A2A7667EB00650BAB /* BaseCoordinatorRouter.swift in Sources */ = {isa = PBXBuildFile; fileRef = CE21D7242A7667EB00650BAB /* BaseCoordinatorRouter.swift */; };
		CE21D73B2A7667EB00650BAB /* BaseModuleRouter.swift in Sources */ = {isa = PBXBuildFile; fileRef = CE21D7252A7667EB00650BAB /* BaseModuleRouter.swift */; };
		CE21D73C2A7667EB00650BAB /* Router.swift in Sources */ = {isa = PBXBuildFile; fileRef = CE21D7262A7667EB00650BAB /* Router.swift */; };
		CE21D73E2A7667EB00650BAB /* ModuleRoutingHandlingProtocol.swift in Sources */ = {isa = PBXBuildFile; fileRef = CE21D7292A7667EB00650BAB /* ModuleRoutingHandlingProtocol.swift */; };
		CE21D73F2A7667EB00650BAB /* BaseFlowCoordinator.swift in Sources */ = {isa = PBXBuildFile; fileRef = CE21D72A2A7667EB00650BAB /* BaseFlowCoordinator.swift */; };
		CE21D7402A7667EB00650BAB /* BaseCoordinator.swift in Sources */ = {isa = PBXBuildFile; fileRef = CE21D72B2A7667EB00650BAB /* BaseCoordinator.swift */; };
		CE21D7412A7667EB00650BAB /* BaseViewController.swift in Sources */ = {isa = PBXBuildFile; fileRef = CE21D72C2A7667EB00650BAB /* BaseViewController.swift */; };
		CE21D7422A7667EB00650BAB /* BasePresenter.swift in Sources */ = {isa = PBXBuildFile; fileRef = CE21D72E2A7667EB00650BAB /* BasePresenter.swift */; };
		CE21D7432A7667EB00650BAB /* ViewOutputProtocol.swift in Sources */ = {isa = PBXBuildFile; fileRef = CE21D72F2A7667EB00650BAB /* ViewOutputProtocol.swift */; };
		CE21D7442A7667EB00650BAB /* Module.swift in Sources */ = {isa = PBXBuildFile; fileRef = CE21D7302A7667EB00650BAB /* Module.swift */; };
		CE21D7452A7667EB00650BAB /* PresentableProtocol.swift in Sources */ = {isa = PBXBuildFile; fileRef = CE21D7322A7667EB00650BAB /* PresentableProtocol.swift */; };
		CE21D7462A7667EB00650BAB /* BaseAssemblyProtocol.swift in Sources */ = {isa = PBXBuildFile; fileRef = CE21D7332A7667EB00650BAB /* BaseAssemblyProtocol.swift */; };
		CE21D7472A7667EB00650BAB /* ViewControllerProtocol.swift in Sources */ = {isa = PBXBuildFile; fileRef = CE21D7342A7667EB00650BAB /* ViewControllerProtocol.swift */; };
		CE21D7492A7667EB00650BAB /* CoordinatorProtocol.swift in Sources */ = {isa = PBXBuildFile; fileRef = CE21D7362A7667EB00650BAB /* CoordinatorProtocol.swift */; };
		CE21D74C2A7667EB00650BAB /* CoordinatorRouterProtocol.swift in Sources */ = {isa = PBXBuildFile; fileRef = CE21D7392A7667EB00650BAB /* CoordinatorRouterProtocol.swift */; };
		CE21D74E2A76686E00650BAB /* BlockObject.swift in Sources */ = {isa = PBXBuildFile; fileRef = CE21D74D2A76686E00650BAB /* BlockObject.swift */; };
		CE21D7502A7668C000650BAB /* WeakContainer.swift in Sources */ = {isa = PBXBuildFile; fileRef = CE21D74F2A7668C000650BAB /* WeakContainer.swift */; };
		CE21D7522A766CBD00650BAB /* UIViewController+Extension.swift in Sources */ = {isa = PBXBuildFile; fileRef = CE21D7512A766CBD00650BAB /* UIViewController+Extension.swift */; };
		CE21D7542A766D9500650BAB /* LoaderView.swift in Sources */ = {isa = PBXBuildFile; fileRef = CE21D7532A766D9500650BAB /* LoaderView.swift */; };
		CE21D7562A766DC800650BAB /* UIView+Layout.swift in Sources */ = {isa = PBXBuildFile; fileRef = CE21D7552A766DC800650BAB /* UIView+Layout.swift */; };
		CE21D7582A766E3100650BAB /* DeviceService.swift in Sources */ = {isa = PBXBuildFile; fileRef = CE21D7572A766E3100650BAB /* DeviceService.swift */; };
		CE21D75B2A766F2300650BAB /* SBFloatingPanelDelegate.swift in Sources */ = {isa = PBXBuildFile; fileRef = CE21D75A2A766F2300650BAB /* SBFloatingPanelDelegate.swift */; };
		CE21D75D2A766F4900650BAB /* SBFloatingPanelLayout.swift in Sources */ = {isa = PBXBuildFile; fileRef = CE21D75C2A766F4900650BAB /* SBFloatingPanelLayout.swift */; };
		CE21D7612A76887600650BAB /* App.swift in Sources */ = {isa = PBXBuildFile; fileRef = CE21D7602A76887600650BAB /* App.swift */; };
		CE21D7632A768B4500650BAB /* AppCoordinator.swift in Sources */ = {isa = PBXBuildFile; fileRef = CE21D7622A768B4500650BAB /* AppCoordinator.swift */; };
		CE21D7652A768B9F00650BAB /* AppCoordinatorLocator.swift in Sources */ = {isa = PBXBuildFile; fileRef = CE21D7642A768B9F00650BAB /* AppCoordinatorLocator.swift */; };
		CE21D7672A768C3600650BAB /* RootRouter.swift in Sources */ = {isa = PBXBuildFile; fileRef = CE21D7662A768C3600650BAB /* RootRouter.swift */; };
		CE21D7692A768CD800650BAB /* RootRouterLocator.swift in Sources */ = {isa = PBXBuildFile; fileRef = CE21D7682A768CD800650BAB /* RootRouterLocator.swift */; };
		CE21D76D2A768D6600650BAB /* AppInteractor.swift in Sources */ = {isa = PBXBuildFile; fileRef = CE21D76C2A768D6600650BAB /* AppInteractor.swift */; };
		CE21D7702A768F8200650BAB /* UserService.swift in Sources */ = {isa = PBXBuildFile; fileRef = CE21D76F2A768F8200650BAB /* UserService.swift */; };
		CE21D7722A768FEE00650BAB /* UserServiceLocator.swift in Sources */ = {isa = PBXBuildFile; fileRef = CE21D7712A768FEE00650BAB /* UserServiceLocator.swift */; };
		CE21D7752A76903100650BAB /* UserDefaultsService.swift in Sources */ = {isa = PBXBuildFile; fileRef = CE21D7742A76903100650BAB /* UserDefaultsService.swift */; };
		CE21D77E2A7694EC00650BAB /* NetworkingSessionService.swift in Sources */ = {isa = PBXBuildFile; fileRef = CE21D77D2A7694EC00650BAB /* NetworkingSessionService.swift */; };
		CE21D7802A76953E00650BAB /* NetworkingSessionServiceLocator.swift in Sources */ = {isa = PBXBuildFile; fileRef = CE21D77F2A76953E00650BAB /* NetworkingSessionServiceLocator.swift */; };
		CE21D7852A76971E00650BAB /* AppAppearance.swift in Sources */ = {isa = PBXBuildFile; fileRef = CE21D7842A76971E00650BAB /* AppAppearance.swift */; };
		CE21D7882A76984C00650BAB /* DeepLinkOption.swift in Sources */ = {isa = PBXBuildFile; fileRef = CE21D7872A76984C00650BAB /* DeepLinkOption.swift */; };
		CE21D78A2A76988700650BAB /* DeepLinkOptionProtocol.swift in Sources */ = {isa = PBXBuildFile; fileRef = CE21D7892A76988700650BAB /* DeepLinkOptionProtocol.swift */; };
		CE5A8F472A83415B00ADFF32 /* WeatherViewModel.swift in Sources */ = {isa = PBXBuildFile; fileRef = CE5A8F462A83415B00ADFF32 /* WeatherViewModel.swift */; };
		CE5DCBC92A7FAC2A00582FB3 /* MultyCoordinator.swift in Sources */ = {isa = PBXBuildFile; fileRef = CE5DCBBA2A7FAC2A00582FB3 /* MultyCoordinator.swift */; };
		CE5DCBCA2A7FAC2A00582FB3 /* MultyCoordinatorAssembly.swift in Sources */ = {isa = PBXBuildFile; fileRef = CE5DCBBB2A7FAC2A00582FB3 /* MultyCoordinatorAssembly.swift */; };
		CE5DCBCB2A7FAC2A00582FB3 /* MultyAssembly.swift in Sources */ = {isa = PBXBuildFile; fileRef = CE5DCBBD2A7FAC2A00582FB3 /* MultyAssembly.swift */; };
		CE5DCBCC2A7FAC2A00582FB3 /* MultyContracts.swift in Sources */ = {isa = PBXBuildFile; fileRef = CE5DCBBF2A7FAC2A00582FB3 /* MultyContracts.swift */; };
		CE5DCBCD2A7FAC2A00582FB3 /* MultyPresenter.swift in Sources */ = {isa = PBXBuildFile; fileRef = CE5DCBC12A7FAC2A00582FB3 /* MultyPresenter.swift */; };
		CE5DCBCE2A7FAC2A00582FB3 /* MultyViewController.xib in Resources */ = {isa = PBXBuildFile; fileRef = CE5DCBC32A7FAC2A00582FB3 /* MultyViewController.xib */; };
		CE5DCBCF2A7FAC2A00582FB3 /* MultyViewController.swift in Sources */ = {isa = PBXBuildFile; fileRef = CE5DCBC42A7FAC2A00582FB3 /* MultyViewController.swift */; };
		CE5DCBD02A7FAC2A00582FB3 /* MultyInteractor.swift in Sources */ = {isa = PBXBuildFile; fileRef = CE5DCBC62A7FAC2A00582FB3 /* MultyInteractor.swift */; };
		CE5DCBD12A7FAC2A00582FB3 /* MultyRouter.swift in Sources */ = {isa = PBXBuildFile; fileRef = CE5DCBC82A7FAC2A00582FB3 /* MultyRouter.swift */; };
		CE5DCBD32A7FAD1E00582FB3 /* BaseCompositeModuleRouter.swift in Sources */ = {isa = PBXBuildFile; fileRef = CE5DCBD22A7FAD1E00582FB3 /* BaseCompositeModuleRouter.swift */; };
		CE5DCBD52A7FAD5800582FB3 /* ContainersHolderProtocol.swift in Sources */ = {isa = PBXBuildFile; fileRef = CE5DCBD42A7FAD5800582FB3 /* ContainersHolderProtocol.swift */; };
		CE5EDEF22A812067006D90DD /* CityWeatherCoordinatorAssembly.swift in Sources */ = {isa = PBXBuildFile; fileRef = CE5EDEE32A812067006D90DD /* CityWeatherCoordinatorAssembly.swift */; };
		CE5EDEF32A812067006D90DD /* CityWeatherCoordinator.swift in Sources */ = {isa = PBXBuildFile; fileRef = CE5EDEE42A812067006D90DD /* CityWeatherCoordinator.swift */; };
		CE5EDEF42A812067006D90DD /* CityWeatherAssembly.swift in Sources */ = {isa = PBXBuildFile; fileRef = CE5EDEE62A812067006D90DD /* CityWeatherAssembly.swift */; };
		CE5EDEF52A812067006D90DD /* CityWeatherContracts.swift in Sources */ = {isa = PBXBuildFile; fileRef = CE5EDEE82A812067006D90DD /* CityWeatherContracts.swift */; };
		CE5EDEF62A812067006D90DD /* CityWeatherPresenter.swift in Sources */ = {isa = PBXBuildFile; fileRef = CE5EDEEA2A812067006D90DD /* CityWeatherPresenter.swift */; };
		CE5EDEF72A812067006D90DD /* CityWeatherViewController.xib in Resources */ = {isa = PBXBuildFile; fileRef = CE5EDEEC2A812067006D90DD /* CityWeatherViewController.xib */; };
		CE5EDEF82A812067006D90DD /* CityWeatherViewController.swift in Sources */ = {isa = PBXBuildFile; fileRef = CE5EDEED2A812067006D90DD /* CityWeatherViewController.swift */; };
		CE5EDEF92A812067006D90DD /* CityWeatherInteractor.swift in Sources */ = {isa = PBXBuildFile; fileRef = CE5EDEEF2A812067006D90DD /* CityWeatherInteractor.swift */; };
		CE5EDEFA2A812067006D90DD /* CityWeatherRouter.swift in Sources */ = {isa = PBXBuildFile; fileRef = CE5EDEF12A812067006D90DD /* CityWeatherRouter.swift */; };
		CE65D94E2A728E7B009E6954 /* AppDelegate.swift in Sources */ = {isa = PBXBuildFile; fileRef = CE65D94D2A728E7B009E6954 /* AppDelegate.swift */; };
		CE65D9502A728E7B009E6954 /* SceneDelegate.swift in Sources */ = {isa = PBXBuildFile; fileRef = CE65D94F2A728E7B009E6954 /* SceneDelegate.swift */; };
		CE65D9572A728E7D009E6954 /* Assets.xcassets in Resources */ = {isa = PBXBuildFile; fileRef = CE65D9562A728E7D009E6954 /* Assets.xcassets */; };
		CE65D9652A728E7D009E6954 /* GlobalWeatherTests.swift in Sources */ = {isa = PBXBuildFile; fileRef = CE65D9642A728E7D009E6954 /* GlobalWeatherTests.swift */; };
		CE65D96F2A728E7D009E6954 /* GlobalWeatherUITests.swift in Sources */ = {isa = PBXBuildFile; fileRef = CE65D96E2A728E7D009E6954 /* GlobalWeatherUITests.swift */; };
		CE65D9712A728E7D009E6954 /* GlobalWeatherUITestsLaunchTests.swift in Sources */ = {isa = PBXBuildFile; fileRef = CE65D9702A728E7D009E6954 /* GlobalWeatherUITestsLaunchTests.swift */; };
		CEA3C8392A8C529B009F62B9 /* CityWeatherRequest.swift in Sources */ = {isa = PBXBuildFile; fileRef = CEA3C8382A8C529B009F62B9 /* CityWeatherRequest.swift */; };
		CEA3C83C2A8C52CF009F62B9 /* LocationWeatherRequest.swift in Sources */ = {isa = PBXBuildFile; fileRef = CEA3C83B2A8C52CF009F62B9 /* LocationWeatherRequest.swift */; };
		CEA3C8402A8C5331009F62B9 /* BaseRequest.swift in Sources */ = {isa = PBXBuildFile; fileRef = CEA3C83F2A8C5331009F62B9 /* BaseRequest.swift */; };
		CEA3C8422A8C544D009F62B9 /* CustomAPIError.swift in Sources */ = {isa = PBXBuildFile; fileRef = CEA3C8412A8C544D009F62B9 /* CustomAPIError.swift */; };
		CEA3C8442A8C5BB0009F62B9 /* RequestBuilder.swift in Sources */ = {isa = PBXBuildFile; fileRef = CEA3C8432A8C5BB0009F62B9 /* RequestBuilder.swift */; };
		CEA3C8462A8C6408009F62B9 /* RouterProtocol.swift in Sources */ = {isa = PBXBuildFile; fileRef = CEA3C8452A8C6408009F62B9 /* RouterProtocol.swift */; };
		CECB44582A8A558500B86A0D /* ApiResponseProtocol.swift in Sources */ = {isa = PBXBuildFile; fileRef = CECB44572A8A558500B86A0D /* ApiResponseProtocol.swift */; };
		CECB445A2A8A560E00B86A0D /* RawDataResponse.swift in Sources */ = {isa = PBXBuildFile; fileRef = CECB44592A8A560E00B86A0D /* RawDataResponse.swift */; };
		CECB445C2A8A564900B86A0D /* ResponseProtocol.swift in Sources */ = {isa = PBXBuildFile; fileRef = CECB445B2A8A564900B86A0D /* ResponseProtocol.swift */; };
		CEDB8A072A83DDA700E1F27A /* Date+Extension.swift in Sources */ = {isa = PBXBuildFile; fileRef = CEDB8A062A83DDA700E1F27A /* Date+Extension.swift */; };
		CEDB8A092A83DDE400E1F27A /* Double+Extension.swift in Sources */ = {isa = PBXBuildFile; fileRef = CEDB8A082A83DDE400E1F27A /* Double+Extension.swift */; };
		CEF248532A8C6936001BEB26 /* LocationWeatherResponse.swift in Sources */ = {isa = PBXBuildFile; fileRef = CEF248522A8C6936001BEB26 /* LocationWeatherResponse.swift */; };
		CEF248572A8C6A2C001BEB26 /* CommonResponses.swift in Sources */ = {isa = PBXBuildFile; fileRef = CEF248562A8C6A2C001BEB26 /* CommonResponses.swift */; };
		CEFA03902A79410200D5471D /* FirstFlowCoordinatorAssembly.swift in Sources */ = {isa = PBXBuildFile; fileRef = CEFA038D2A79410200D5471D /* FirstFlowCoordinatorAssembly.swift */; };
		CEFA03912A79410200D5471D /* FirstFlowCoordinator.swift in Sources */ = {isa = PBXBuildFile; fileRef = CEFA038E2A79410200D5471D /* FirstFlowCoordinator.swift */; };
		CEFA03922A79410200D5471D /* FirstFlowExitRoutingHandlerProtocol.swift in Sources */ = {isa = PBXBuildFile; fileRef = CEFA038F2A79410200D5471D /* FirstFlowExitRoutingHandlerProtocol.swift */; };
		CEFA03A72A79413000D5471D /* MainCoordinatorAssembly.swift in Sources */ = {isa = PBXBuildFile; fileRef = CEFA03982A79413000D5471D /* MainCoordinatorAssembly.swift */; };
		CEFA03A82A79413000D5471D /* MainCoordinator.swift in Sources */ = {isa = PBXBuildFile; fileRef = CEFA03992A79413000D5471D /* MainCoordinator.swift */; };
		CEFA03A92A79413000D5471D /* MainAssembly.swift in Sources */ = {isa = PBXBuildFile; fileRef = CEFA039B2A79413000D5471D /* MainAssembly.swift */; };
		CEFA03AA2A79413000D5471D /* MainContracts.swift in Sources */ = {isa = PBXBuildFile; fileRef = CEFA039D2A79413000D5471D /* MainContracts.swift */; };
		CEFA03AB2A79413000D5471D /* MainPresenter.swift in Sources */ = {isa = PBXBuildFile; fileRef = CEFA039F2A79413000D5471D /* MainPresenter.swift */; };
		CEFA03AC2A79413000D5471D /* MainViewController.xib in Resources */ = {isa = PBXBuildFile; fileRef = CEFA03A12A79413000D5471D /* MainViewController.xib */; };
		CEFA03AD2A79413000D5471D /* MainViewController.swift in Sources */ = {isa = PBXBuildFile; fileRef = CEFA03A22A79413000D5471D /* MainViewController.swift */; };
		CEFA03AE2A79413000D5471D /* MainInteractor.swift in Sources */ = {isa = PBXBuildFile; fileRef = CEFA03A42A79413000D5471D /* MainInteractor.swift */; };
		CEFA03AF2A79413000D5471D /* MainRouter.swift in Sources */ = {isa = PBXBuildFile; fileRef = CEFA03A62A79413000D5471D /* MainRouter.swift */; };
		CEFA03B52A7AA48F00D5471D /* WeatherService.swift in Sources */ = {isa = PBXBuildFile; fileRef = CEFA03B32A7AA48F00D5471D /* WeatherService.swift */; };
		CEFA03B62A7AA48F00D5471D /* APIServicesLocatorProtocol.swift in Sources */ = {isa = PBXBuildFile; fileRef = CEFA03B42A7AA48F00D5471D /* APIServicesLocatorProtocol.swift */; };
/* End PBXBuildFile section */

/* Begin PBXContainerItemProxy section */
		CE65D9612A728E7D009E6954 /* PBXContainerItemProxy */ = {
			isa = PBXContainerItemProxy;
			containerPortal = CE65D9422A728E7B009E6954 /* Project object */;
			proxyType = 1;
			remoteGlobalIDString = CE65D9492A728E7B009E6954;
			remoteInfo = GlobalWeather;
		};
		CE65D96B2A728E7D009E6954 /* PBXContainerItemProxy */ = {
			isa = PBXContainerItemProxy;
			containerPortal = CE65D9422A728E7B009E6954 /* Project object */;
			proxyType = 1;
			remoteGlobalIDString = CE65D9492A728E7B009E6954;
			remoteInfo = GlobalWeather;
		};
/* End PBXContainerItemProxy section */

/* Begin PBXFileReference section */
		166DE02C0FA9FAEE579E4645 /* Pods_GlobalWeather_GlobalWeatherUITests.framework */ = {isa = PBXFileReference; explicitFileType = wrapper.framework; includeInIndex = 0; path = Pods_GlobalWeather_GlobalWeatherUITests.framework; sourceTree = BUILT_PRODUCTS_DIR; };
		236141746299D409B893DA6A /* Pods-GlobalWeatherTests.debug.xcconfig */ = {isa = PBXFileReference; includeInIndex = 1; lastKnownFileType = text.xcconfig; name = "Pods-GlobalWeatherTests.debug.xcconfig"; path = "Target Support Files/Pods-GlobalWeatherTests/Pods-GlobalWeatherTests.debug.xcconfig"; sourceTree = "<group>"; };
		4A6DB5C5EF073903963391B2 /* Pods-GlobalWeather-GlobalWeatherUITests.release.xcconfig */ = {isa = PBXFileReference; includeInIndex = 1; lastKnownFileType = text.xcconfig; name = "Pods-GlobalWeather-GlobalWeatherUITests.release.xcconfig"; path = "Target Support Files/Pods-GlobalWeather-GlobalWeatherUITests/Pods-GlobalWeather-GlobalWeatherUITests.release.xcconfig"; sourceTree = "<group>"; };
		64AB79472BFA91BA827B0CC2 /* Pods-GlobalWeatherTests.release.xcconfig */ = {isa = PBXFileReference; includeInIndex = 1; lastKnownFileType = text.xcconfig; name = "Pods-GlobalWeatherTests.release.xcconfig"; path = "Target Support Files/Pods-GlobalWeatherTests/Pods-GlobalWeatherTests.release.xcconfig"; sourceTree = "<group>"; };
		682BCE58B4DED326D02CEC73 /* Pods_GlobalWeatherTests.framework */ = {isa = PBXFileReference; explicitFileType = wrapper.framework; includeInIndex = 0; path = Pods_GlobalWeatherTests.framework; sourceTree = BUILT_PRODUCTS_DIR; };
		BC5EEF17D5AC7F3A7D94DF12 /* Pods-GlobalWeather.debug.xcconfig */ = {isa = PBXFileReference; includeInIndex = 1; lastKnownFileType = text.xcconfig; name = "Pods-GlobalWeather.debug.xcconfig"; path = "Target Support Files/Pods-GlobalWeather/Pods-GlobalWeather.debug.xcconfig"; sourceTree = "<group>"; };
		C23D875A351EA8DA0FB9F149 /* Pods-GlobalWeather.release.xcconfig */ = {isa = PBXFileReference; includeInIndex = 1; lastKnownFileType = text.xcconfig; name = "Pods-GlobalWeather.release.xcconfig"; path = "Target Support Files/Pods-GlobalWeather/Pods-GlobalWeather.release.xcconfig"; sourceTree = "<group>"; };
		CE0D65722A77E0D9007B5713 /* AppServiceLocator.swift */ = {isa = PBXFileReference; lastKnownFileType = sourcecode.swift; path = AppServiceLocator.swift; sourceTree = "<group>"; };
		CE1B9D252A7E99CA00C6D5C0 /* LaunchScreen.storyboard */ = {isa = PBXFileReference; lastKnownFileType = file.storyboard; path = LaunchScreen.storyboard; sourceTree = "<group>"; };
		CE1D94E42A7BF0DC0058EBBF /* WeatherRouter.swift */ = {isa = PBXFileReference; lastKnownFileType = sourcecode.swift; path = WeatherRouter.swift; sourceTree = "<group>"; };
		CE1D94E72A7BF1F10058EBBF /* Location.swift */ = {isa = PBXFileReference; lastKnownFileType = sourcecode.swift; path = Location.swift; sourceTree = "<group>"; };
		CE1D94E92A7BFAB20058EBBF /* CityWeatherResponse.swift */ = {isa = PBXFileReference; lastKnownFileType = sourcecode.swift; path = CityWeatherResponse.swift; sourceTree = "<group>"; };
		CE1D94EB2A7BFC7E0058EBBF /* WeatherServiceError.swift */ = {isa = PBXFileReference; lastKnownFileType = sourcecode.swift; path = WeatherServiceError.swift; sourceTree = "<group>"; };
		CE21D7242A7667EB00650BAB /* BaseCoordinatorRouter.swift */ = {isa = PBXFileReference; fileEncoding = 4; lastKnownFileType = sourcecode.swift; path = BaseCoordinatorRouter.swift; sourceTree = "<group>"; };
		CE21D7252A7667EB00650BAB /* BaseModuleRouter.swift */ = {isa = PBXFileReference; fileEncoding = 4; lastKnownFileType = sourcecode.swift; path = BaseModuleRouter.swift; sourceTree = "<group>"; };
		CE21D7262A7667EB00650BAB /* Router.swift */ = {isa = PBXFileReference; fileEncoding = 4; lastKnownFileType = sourcecode.swift; path = Router.swift; sourceTree = "<group>"; };
		CE21D7292A7667EB00650BAB /* ModuleRoutingHandlingProtocol.swift */ = {isa = PBXFileReference; fileEncoding = 4; lastKnownFileType = sourcecode.swift; path = ModuleRoutingHandlingProtocol.swift; sourceTree = "<group>"; };
		CE21D72A2A7667EB00650BAB /* BaseFlowCoordinator.swift */ = {isa = PBXFileReference; fileEncoding = 4; lastKnownFileType = sourcecode.swift; path = BaseFlowCoordinator.swift; sourceTree = "<group>"; };
		CE21D72B2A7667EB00650BAB /* BaseCoordinator.swift */ = {isa = PBXFileReference; fileEncoding = 4; lastKnownFileType = sourcecode.swift; path = BaseCoordinator.swift; sourceTree = "<group>"; };
		CE21D72C2A7667EB00650BAB /* BaseViewController.swift */ = {isa = PBXFileReference; fileEncoding = 4; lastKnownFileType = sourcecode.swift; path = BaseViewController.swift; sourceTree = "<group>"; };
		CE21D72E2A7667EB00650BAB /* BasePresenter.swift */ = {isa = PBXFileReference; fileEncoding = 4; lastKnownFileType = sourcecode.swift; path = BasePresenter.swift; sourceTree = "<group>"; };
		CE21D72F2A7667EB00650BAB /* ViewOutputProtocol.swift */ = {isa = PBXFileReference; fileEncoding = 4; lastKnownFileType = sourcecode.swift; path = ViewOutputProtocol.swift; sourceTree = "<group>"; };
		CE21D7302A7667EB00650BAB /* Module.swift */ = {isa = PBXFileReference; fileEncoding = 4; lastKnownFileType = sourcecode.swift; path = Module.swift; sourceTree = "<group>"; };
		CE21D7322A7667EB00650BAB /* PresentableProtocol.swift */ = {isa = PBXFileReference; fileEncoding = 4; lastKnownFileType = sourcecode.swift; path = PresentableProtocol.swift; sourceTree = "<group>"; };
		CE21D7332A7667EB00650BAB /* BaseAssemblyProtocol.swift */ = {isa = PBXFileReference; fileEncoding = 4; lastKnownFileType = sourcecode.swift; path = BaseAssemblyProtocol.swift; sourceTree = "<group>"; };
		CE21D7342A7667EB00650BAB /* ViewControllerProtocol.swift */ = {isa = PBXFileReference; fileEncoding = 4; lastKnownFileType = sourcecode.swift; path = ViewControllerProtocol.swift; sourceTree = "<group>"; };
		CE21D7362A7667EB00650BAB /* CoordinatorProtocol.swift */ = {isa = PBXFileReference; fileEncoding = 4; lastKnownFileType = sourcecode.swift; path = CoordinatorProtocol.swift; sourceTree = "<group>"; };
		CE21D7392A7667EB00650BAB /* CoordinatorRouterProtocol.swift */ = {isa = PBXFileReference; fileEncoding = 4; lastKnownFileType = sourcecode.swift; path = CoordinatorRouterProtocol.swift; sourceTree = "<group>"; };
		CE21D74D2A76686E00650BAB /* BlockObject.swift */ = {isa = PBXFileReference; lastKnownFileType = sourcecode.swift; path = BlockObject.swift; sourceTree = "<group>"; };
		CE21D74F2A7668C000650BAB /* WeakContainer.swift */ = {isa = PBXFileReference; lastKnownFileType = sourcecode.swift; path = WeakContainer.swift; sourceTree = "<group>"; };
		CE21D7512A766CBD00650BAB /* UIViewController+Extension.swift */ = {isa = PBXFileReference; lastKnownFileType = sourcecode.swift; path = "UIViewController+Extension.swift"; sourceTree = "<group>"; };
		CE21D7532A766D9500650BAB /* LoaderView.swift */ = {isa = PBXFileReference; lastKnownFileType = sourcecode.swift; path = LoaderView.swift; sourceTree = "<group>"; };
		CE21D7552A766DC800650BAB /* UIView+Layout.swift */ = {isa = PBXFileReference; lastKnownFileType = sourcecode.swift; path = "UIView+Layout.swift"; sourceTree = "<group>"; };
		CE21D7572A766E3100650BAB /* DeviceService.swift */ = {isa = PBXFileReference; lastKnownFileType = sourcecode.swift; path = DeviceService.swift; sourceTree = "<group>"; };
		CE21D75A2A766F2300650BAB /* SBFloatingPanelDelegate.swift */ = {isa = PBXFileReference; lastKnownFileType = sourcecode.swift; path = SBFloatingPanelDelegate.swift; sourceTree = "<group>"; };
		CE21D75C2A766F4900650BAB /* SBFloatingPanelLayout.swift */ = {isa = PBXFileReference; lastKnownFileType = sourcecode.swift; path = SBFloatingPanelLayout.swift; sourceTree = "<group>"; };
		CE21D7602A76887600650BAB /* App.swift */ = {isa = PBXFileReference; lastKnownFileType = sourcecode.swift; path = App.swift; sourceTree = "<group>"; };
		CE21D7622A768B4500650BAB /* AppCoordinator.swift */ = {isa = PBXFileReference; lastKnownFileType = sourcecode.swift; path = AppCoordinator.swift; sourceTree = "<group>"; };
		CE21D7642A768B9F00650BAB /* AppCoordinatorLocator.swift */ = {isa = PBXFileReference; lastKnownFileType = sourcecode.swift; path = AppCoordinatorLocator.swift; sourceTree = "<group>"; };
		CE21D7662A768C3600650BAB /* RootRouter.swift */ = {isa = PBXFileReference; lastKnownFileType = sourcecode.swift; path = RootRouter.swift; sourceTree = "<group>"; };
		CE21D7682A768CD800650BAB /* RootRouterLocator.swift */ = {isa = PBXFileReference; lastKnownFileType = sourcecode.swift; path = RootRouterLocator.swift; sourceTree = "<group>"; };
		CE21D76C2A768D6600650BAB /* AppInteractor.swift */ = {isa = PBXFileReference; lastKnownFileType = sourcecode.swift; path = AppInteractor.swift; sourceTree = "<group>"; };
		CE21D76F2A768F8200650BAB /* UserService.swift */ = {isa = PBXFileReference; lastKnownFileType = sourcecode.swift; path = UserService.swift; sourceTree = "<group>"; };
		CE21D7712A768FEE00650BAB /* UserServiceLocator.swift */ = {isa = PBXFileReference; lastKnownFileType = sourcecode.swift; path = UserServiceLocator.swift; sourceTree = "<group>"; };
		CE21D7742A76903100650BAB /* UserDefaultsService.swift */ = {isa = PBXFileReference; lastKnownFileType = sourcecode.swift; path = UserDefaultsService.swift; sourceTree = "<group>"; };
		CE21D77D2A7694EC00650BAB /* NetworkingSessionService.swift */ = {isa = PBXFileReference; lastKnownFileType = sourcecode.swift; path = NetworkingSessionService.swift; sourceTree = "<group>"; };
		CE21D77F2A76953E00650BAB /* NetworkingSessionServiceLocator.swift */ = {isa = PBXFileReference; lastKnownFileType = sourcecode.swift; path = NetworkingSessionServiceLocator.swift; sourceTree = "<group>"; };
		CE21D7842A76971E00650BAB /* AppAppearance.swift */ = {isa = PBXFileReference; lastKnownFileType = sourcecode.swift; path = AppAppearance.swift; sourceTree = "<group>"; };
		CE21D7872A76984C00650BAB /* DeepLinkOption.swift */ = {isa = PBXFileReference; lastKnownFileType = sourcecode.swift; path = DeepLinkOption.swift; sourceTree = "<group>"; };
		CE21D7892A76988700650BAB /* DeepLinkOptionProtocol.swift */ = {isa = PBXFileReference; lastKnownFileType = sourcecode.swift; path = DeepLinkOptionProtocol.swift; sourceTree = "<group>"; };
		CE5A8F462A83415B00ADFF32 /* WeatherViewModel.swift */ = {isa = PBXFileReference; lastKnownFileType = sourcecode.swift; path = WeatherViewModel.swift; sourceTree = "<group>"; };
		CE5DCBBA2A7FAC2A00582FB3 /* MultyCoordinator.swift */ = {isa = PBXFileReference; fileEncoding = 4; lastKnownFileType = sourcecode.swift; path = MultyCoordinator.swift; sourceTree = "<group>"; };
		CE5DCBBB2A7FAC2A00582FB3 /* MultyCoordinatorAssembly.swift */ = {isa = PBXFileReference; fileEncoding = 4; lastKnownFileType = sourcecode.swift; path = MultyCoordinatorAssembly.swift; sourceTree = "<group>"; };
		CE5DCBBD2A7FAC2A00582FB3 /* MultyAssembly.swift */ = {isa = PBXFileReference; fileEncoding = 4; lastKnownFileType = sourcecode.swift; path = MultyAssembly.swift; sourceTree = "<group>"; };
		CE5DCBBF2A7FAC2A00582FB3 /* MultyContracts.swift */ = {isa = PBXFileReference; fileEncoding = 4; lastKnownFileType = sourcecode.swift; path = MultyContracts.swift; sourceTree = "<group>"; };
		CE5DCBC12A7FAC2A00582FB3 /* MultyPresenter.swift */ = {isa = PBXFileReference; fileEncoding = 4; lastKnownFileType = sourcecode.swift; path = MultyPresenter.swift; sourceTree = "<group>"; };
		CE5DCBC32A7FAC2A00582FB3 /* MultyViewController.xib */ = {isa = PBXFileReference; fileEncoding = 4; lastKnownFileType = file.xib; path = MultyViewController.xib; sourceTree = "<group>"; };
		CE5DCBC42A7FAC2A00582FB3 /* MultyViewController.swift */ = {isa = PBXFileReference; fileEncoding = 4; lastKnownFileType = sourcecode.swift; path = MultyViewController.swift; sourceTree = "<group>"; };
		CE5DCBC62A7FAC2A00582FB3 /* MultyInteractor.swift */ = {isa = PBXFileReference; fileEncoding = 4; lastKnownFileType = sourcecode.swift; path = MultyInteractor.swift; sourceTree = "<group>"; };
		CE5DCBC82A7FAC2A00582FB3 /* MultyRouter.swift */ = {isa = PBXFileReference; fileEncoding = 4; lastKnownFileType = sourcecode.swift; path = MultyRouter.swift; sourceTree = "<group>"; };
		CE5DCBD22A7FAD1E00582FB3 /* BaseCompositeModuleRouter.swift */ = {isa = PBXFileReference; lastKnownFileType = sourcecode.swift; path = BaseCompositeModuleRouter.swift; sourceTree = "<group>"; };
		CE5DCBD42A7FAD5800582FB3 /* ContainersHolderProtocol.swift */ = {isa = PBXFileReference; lastKnownFileType = sourcecode.swift; path = ContainersHolderProtocol.swift; sourceTree = "<group>"; };
		CE5EDEE32A812067006D90DD /* CityWeatherCoordinatorAssembly.swift */ = {isa = PBXFileReference; fileEncoding = 4; lastKnownFileType = sourcecode.swift; path = CityWeatherCoordinatorAssembly.swift; sourceTree = "<group>"; };
		CE5EDEE42A812067006D90DD /* CityWeatherCoordinator.swift */ = {isa = PBXFileReference; fileEncoding = 4; lastKnownFileType = sourcecode.swift; path = CityWeatherCoordinator.swift; sourceTree = "<group>"; };
		CE5EDEE62A812067006D90DD /* CityWeatherAssembly.swift */ = {isa = PBXFileReference; fileEncoding = 4; lastKnownFileType = sourcecode.swift; path = CityWeatherAssembly.swift; sourceTree = "<group>"; };
		CE5EDEE82A812067006D90DD /* CityWeatherContracts.swift */ = {isa = PBXFileReference; fileEncoding = 4; lastKnownFileType = sourcecode.swift; path = CityWeatherContracts.swift; sourceTree = "<group>"; };
		CE5EDEEA2A812067006D90DD /* CityWeatherPresenter.swift */ = {isa = PBXFileReference; fileEncoding = 4; lastKnownFileType = sourcecode.swift; path = CityWeatherPresenter.swift; sourceTree = "<group>"; };
		CE5EDEEC2A812067006D90DD /* CityWeatherViewController.xib */ = {isa = PBXFileReference; fileEncoding = 4; lastKnownFileType = file.xib; path = CityWeatherViewController.xib; sourceTree = "<group>"; };
		CE5EDEED2A812067006D90DD /* CityWeatherViewController.swift */ = {isa = PBXFileReference; fileEncoding = 4; lastKnownFileType = sourcecode.swift; path = CityWeatherViewController.swift; sourceTree = "<group>"; };
		CE5EDEEF2A812067006D90DD /* CityWeatherInteractor.swift */ = {isa = PBXFileReference; fileEncoding = 4; lastKnownFileType = sourcecode.swift; path = CityWeatherInteractor.swift; sourceTree = "<group>"; };
		CE5EDEF12A812067006D90DD /* CityWeatherRouter.swift */ = {isa = PBXFileReference; fileEncoding = 4; lastKnownFileType = sourcecode.swift; path = CityWeatherRouter.swift; sourceTree = "<group>"; };
		CE65D94A2A728E7B009E6954 /* GlobalWeather.app */ = {isa = PBXFileReference; explicitFileType = wrapper.application; includeInIndex = 0; path = GlobalWeather.app; sourceTree = BUILT_PRODUCTS_DIR; };
		CE65D94D2A728E7B009E6954 /* AppDelegate.swift */ = {isa = PBXFileReference; lastKnownFileType = sourcecode.swift; path = AppDelegate.swift; sourceTree = "<group>"; };
		CE65D94F2A728E7B009E6954 /* SceneDelegate.swift */ = {isa = PBXFileReference; lastKnownFileType = sourcecode.swift; path = SceneDelegate.swift; sourceTree = "<group>"; };
		CE65D9562A728E7D009E6954 /* Assets.xcassets */ = {isa = PBXFileReference; lastKnownFileType = folder.assetcatalog; path = Assets.xcassets; sourceTree = "<group>"; };
		CE65D95B2A728E7D009E6954 /* Info.plist */ = {isa = PBXFileReference; lastKnownFileType = text.plist.xml; path = Info.plist; sourceTree = "<group>"; };
		CE65D9602A728E7D009E6954 /* GlobalWeatherTests.xctest */ = {isa = PBXFileReference; explicitFileType = wrapper.cfbundle; includeInIndex = 0; path = GlobalWeatherTests.xctest; sourceTree = BUILT_PRODUCTS_DIR; };
		CE65D9642A728E7D009E6954 /* GlobalWeatherTests.swift */ = {isa = PBXFileReference; lastKnownFileType = sourcecode.swift; path = GlobalWeatherTests.swift; sourceTree = "<group>"; };
		CE65D96A2A728E7D009E6954 /* GlobalWeatherUITests.xctest */ = {isa = PBXFileReference; explicitFileType = wrapper.cfbundle; includeInIndex = 0; path = GlobalWeatherUITests.xctest; sourceTree = BUILT_PRODUCTS_DIR; };
		CE65D96E2A728E7D009E6954 /* GlobalWeatherUITests.swift */ = {isa = PBXFileReference; lastKnownFileType = sourcecode.swift; path = GlobalWeatherUITests.swift; sourceTree = "<group>"; };
		CE65D9702A728E7D009E6954 /* GlobalWeatherUITestsLaunchTests.swift */ = {isa = PBXFileReference; lastKnownFileType = sourcecode.swift; path = GlobalWeatherUITestsLaunchTests.swift; sourceTree = "<group>"; };
		CE9612B3053BD055CF15AF86 /* Pods-GlobalWeather-GlobalWeatherUITests.debug.xcconfig */ = {isa = PBXFileReference; includeInIndex = 1; lastKnownFileType = text.xcconfig; name = "Pods-GlobalWeather-GlobalWeatherUITests.debug.xcconfig"; path = "Target Support Files/Pods-GlobalWeather-GlobalWeatherUITests/Pods-GlobalWeather-GlobalWeatherUITests.debug.xcconfig"; sourceTree = "<group>"; };
		CEA3C8382A8C529B009F62B9 /* CityWeatherRequest.swift */ = {isa = PBXFileReference; lastKnownFileType = sourcecode.swift; path = CityWeatherRequest.swift; sourceTree = "<group>"; };
		CEA3C83B2A8C52CF009F62B9 /* LocationWeatherRequest.swift */ = {isa = PBXFileReference; lastKnownFileType = sourcecode.swift; path = LocationWeatherRequest.swift; sourceTree = "<group>"; };
		CEA3C83F2A8C5331009F62B9 /* BaseRequest.swift */ = {isa = PBXFileReference; lastKnownFileType = sourcecode.swift; path = BaseRequest.swift; sourceTree = "<group>"; };
		CEA3C8412A8C544D009F62B9 /* CustomAPIError.swift */ = {isa = PBXFileReference; lastKnownFileType = sourcecode.swift; path = CustomAPIError.swift; sourceTree = "<group>"; };
		CEA3C8432A8C5BB0009F62B9 /* RequestBuilder.swift */ = {isa = PBXFileReference; lastKnownFileType = sourcecode.swift; path = RequestBuilder.swift; sourceTree = "<group>"; };
		CEA3C8452A8C6408009F62B9 /* RouterProtocol.swift */ = {isa = PBXFileReference; lastKnownFileType = sourcecode.swift; path = RouterProtocol.swift; sourceTree = "<group>"; };
		CECB44572A8A558500B86A0D /* ApiResponseProtocol.swift */ = {isa = PBXFileReference; lastKnownFileType = sourcecode.swift; path = ApiResponseProtocol.swift; sourceTree = "<group>"; };
		CECB44592A8A560E00B86A0D /* RawDataResponse.swift */ = {isa = PBXFileReference; lastKnownFileType = sourcecode.swift; path = RawDataResponse.swift; sourceTree = "<group>"; };
		CECB445B2A8A564900B86A0D /* ResponseProtocol.swift */ = {isa = PBXFileReference; lastKnownFileType = sourcecode.swift; path = ResponseProtocol.swift; sourceTree = "<group>"; };
		CEDB8A062A83DDA700E1F27A /* Date+Extension.swift */ = {isa = PBXFileReference; lastKnownFileType = sourcecode.swift; path = "Date+Extension.swift"; sourceTree = "<group>"; };
		CEDB8A082A83DDE400E1F27A /* Double+Extension.swift */ = {isa = PBXFileReference; lastKnownFileType = sourcecode.swift; path = "Double+Extension.swift"; sourceTree = "<group>"; };
		CEF248522A8C6936001BEB26 /* LocationWeatherResponse.swift */ = {isa = PBXFileReference; lastKnownFileType = sourcecode.swift; path = LocationWeatherResponse.swift; sourceTree = "<group>"; };
		CEF248562A8C6A2C001BEB26 /* CommonResponses.swift */ = {isa = PBXFileReference; lastKnownFileType = sourcecode.swift; path = CommonResponses.swift; sourceTree = "<group>"; };
		CEFA038D2A79410200D5471D /* FirstFlowCoordinatorAssembly.swift */ = {isa = PBXFileReference; fileEncoding = 4; lastKnownFileType = sourcecode.swift; path = FirstFlowCoordinatorAssembly.swift; sourceTree = "<group>"; };
		CEFA038E2A79410200D5471D /* FirstFlowCoordinator.swift */ = {isa = PBXFileReference; fileEncoding = 4; lastKnownFileType = sourcecode.swift; path = FirstFlowCoordinator.swift; sourceTree = "<group>"; };
		CEFA038F2A79410200D5471D /* FirstFlowExitRoutingHandlerProtocol.swift */ = {isa = PBXFileReference; fileEncoding = 4; lastKnownFileType = sourcecode.swift; path = FirstFlowExitRoutingHandlerProtocol.swift; sourceTree = "<group>"; };
		CEFA03982A79413000D5471D /* MainCoordinatorAssembly.swift */ = {isa = PBXFileReference; fileEncoding = 4; lastKnownFileType = sourcecode.swift; path = MainCoordinatorAssembly.swift; sourceTree = "<group>"; };
		CEFA03992A79413000D5471D /* MainCoordinator.swift */ = {isa = PBXFileReference; fileEncoding = 4; lastKnownFileType = sourcecode.swift; path = MainCoordinator.swift; sourceTree = "<group>"; };
		CEFA039B2A79413000D5471D /* MainAssembly.swift */ = {isa = PBXFileReference; fileEncoding = 4; lastKnownFileType = sourcecode.swift; path = MainAssembly.swift; sourceTree = "<group>"; };
		CEFA039D2A79413000D5471D /* MainContracts.swift */ = {isa = PBXFileReference; fileEncoding = 4; lastKnownFileType = sourcecode.swift; path = MainContracts.swift; sourceTree = "<group>"; };
		CEFA039F2A79413000D5471D /* MainPresenter.swift */ = {isa = PBXFileReference; fileEncoding = 4; lastKnownFileType = sourcecode.swift; path = MainPresenter.swift; sourceTree = "<group>"; };
		CEFA03A12A79413000D5471D /* MainViewController.xib */ = {isa = PBXFileReference; fileEncoding = 4; lastKnownFileType = file.xib; path = MainViewController.xib; sourceTree = "<group>"; };
		CEFA03A22A79413000D5471D /* MainViewController.swift */ = {isa = PBXFileReference; fileEncoding = 4; lastKnownFileType = sourcecode.swift; path = MainViewController.swift; sourceTree = "<group>"; };
		CEFA03A42A79413000D5471D /* MainInteractor.swift */ = {isa = PBXFileReference; fileEncoding = 4; lastKnownFileType = sourcecode.swift; path = MainInteractor.swift; sourceTree = "<group>"; };
		CEFA03A62A79413000D5471D /* MainRouter.swift */ = {isa = PBXFileReference; fileEncoding = 4; lastKnownFileType = sourcecode.swift; path = MainRouter.swift; sourceTree = "<group>"; };
		CEFA03B32A7AA48F00D5471D /* WeatherService.swift */ = {isa = PBXFileReference; fileEncoding = 4; lastKnownFileType = sourcecode.swift; path = WeatherService.swift; sourceTree = "<group>"; };
		CEFA03B42A7AA48F00D5471D /* APIServicesLocatorProtocol.swift */ = {isa = PBXFileReference; fileEncoding = 4; lastKnownFileType = sourcecode.swift; path = APIServicesLocatorProtocol.swift; sourceTree = "<group>"; };
		EDC4795345FF2FB6DEE1B27D /* Pods_GlobalWeather.framework */ = {isa = PBXFileReference; explicitFileType = wrapper.framework; includeInIndex = 0; path = Pods_GlobalWeather.framework; sourceTree = BUILT_PRODUCTS_DIR; };
/* End PBXFileReference section */

/* Begin PBXFrameworksBuildPhase section */
		CE65D9472A728E7B009E6954 /* Frameworks */ = {
			isa = PBXFrameworksBuildPhase;
			buildActionMask = 2147483647;
			files = (
				1E14DCA061D07AC147FCF1EE /* Pods_GlobalWeather.framework in Frameworks */,
			);
			runOnlyForDeploymentPostprocessing = 0;
		};
		CE65D95D2A728E7D009E6954 /* Frameworks */ = {
			isa = PBXFrameworksBuildPhase;
			buildActionMask = 2147483647;
			files = (
				B2222BD2728D5FF072FF99E8 /* Pods_GlobalWeatherTests.framework in Frameworks */,
			);
			runOnlyForDeploymentPostprocessing = 0;
		};
		CE65D9672A728E7D009E6954 /* Frameworks */ = {
			isa = PBXFrameworksBuildPhase;
			buildActionMask = 2147483647;
			files = (
				4A46B2984D1CC0A8950A9063 /* Pods_GlobalWeather_GlobalWeatherUITests.framework in Frameworks */,
			);
			runOnlyForDeploymentPostprocessing = 0;
		};
/* End PBXFrameworksBuildPhase section */

/* Begin PBXGroup section */
		1F84FA52E114BF8E59DB10EC /* Frameworks */ = {
			isa = PBXGroup;
			children = (
				EDC4795345FF2FB6DEE1B27D /* Pods_GlobalWeather.framework */,
				166DE02C0FA9FAEE579E4645 /* Pods_GlobalWeather_GlobalWeatherUITests.framework */,
				682BCE58B4DED326D02CEC73 /* Pods_GlobalWeatherTests.framework */,
			);
			name = Frameworks;
			sourceTree = "<group>";
		};
		B5858AA0528F001D74526FE7 /* Pods */ = {
			isa = PBXGroup;
			children = (
				BC5EEF17D5AC7F3A7D94DF12 /* Pods-GlobalWeather.debug.xcconfig */,
				C23D875A351EA8DA0FB9F149 /* Pods-GlobalWeather.release.xcconfig */,
				CE9612B3053BD055CF15AF86 /* Pods-GlobalWeather-GlobalWeatherUITests.debug.xcconfig */,
				4A6DB5C5EF073903963391B2 /* Pods-GlobalWeather-GlobalWeatherUITests.release.xcconfig */,
				236141746299D409B893DA6A /* Pods-GlobalWeatherTests.debug.xcconfig */,
				64AB79472BFA91BA827B0CC2 /* Pods-GlobalWeatherTests.release.xcconfig */,
			);
			path = Pods;
			sourceTree = "<group>";
		};
		CE0D65742A77F3D9007B5713 /* AppCoordinator */ = {
			isa = PBXGroup;
			children = (
				CE21D7622A768B4500650BAB /* AppCoordinator.swift */,
				CE21D7642A768B9F00650BAB /* AppCoordinatorLocator.swift */,
			);
			path = AppCoordinator;
			sourceTree = "<group>";
		};
		CE0D65752A77F3F2007B5713 /* ApplicationDelegate */ = {
			isa = PBXGroup;
			children = (
				CE65D94D2A728E7B009E6954 /* AppDelegate.swift */,
				CE65D94F2A728E7B009E6954 /* SceneDelegate.swift */,
			);
			path = ApplicationDelegate;
			sourceTree = "<group>";
		};
		CE21D6BC2A765D7F00650BAB /* Common */ = {
			isa = PBXGroup;
			children = (
				CE21D7862A76984100650BAB /* DeepLink */,
				CE21D7762A76907500650BAB /* ModelLayer */,
				CECB444B2A8A4A8C00B86A0D /* Services */,
				CE21D7222A7667EB00650BAB /* BaseModule */,
				CE21D75E2A76707100650BAB /* Extension */,
				CE21D75F2A76708400650BAB /* CommonUI */,
			);
			path = Common;
			sourceTree = "<group>";
		};
		CE21D7222A7667EB00650BAB /* BaseModule */ = {
			isa = PBXGroup;
			children = (
				CE21D7232A7667EB00650BAB /* Routers */,
				CE21D7282A7667EB00650BAB /* Coordinator */,
				CE21D72C2A7667EB00650BAB /* BaseViewController.swift */,
				CE21D72D2A7667EB00650BAB /* Presenter */,
				CE21D7302A7667EB00650BAB /* Module.swift */,
				CE21D7312A7667EB00650BAB /* Protocols */,
			);
			path = BaseModule;
			sourceTree = "<group>";
		};
		CE21D7232A7667EB00650BAB /* Routers */ = {
			isa = PBXGroup;
			children = (
				CE21D7242A7667EB00650BAB /* BaseCoordinatorRouter.swift */,
				CE21D7252A7667EB00650BAB /* BaseModuleRouter.swift */,
				CE21D7262A7667EB00650BAB /* Router.swift */,
				CE5DCBD22A7FAD1E00582FB3 /* BaseCompositeModuleRouter.swift */,
			);
			path = Routers;
			sourceTree = "<group>";
		};
		CE21D7282A7667EB00650BAB /* Coordinator */ = {
			isa = PBXGroup;
			children = (
				CE21D7292A7667EB00650BAB /* ModuleRoutingHandlingProtocol.swift */,
				CE21D72A2A7667EB00650BAB /* BaseFlowCoordinator.swift */,
				CE21D72B2A7667EB00650BAB /* BaseCoordinator.swift */,
			);
			path = Coordinator;
			sourceTree = "<group>";
		};
		CE21D72D2A7667EB00650BAB /* Presenter */ = {
			isa = PBXGroup;
			children = (
				CE21D72E2A7667EB00650BAB /* BasePresenter.swift */,
				CE21D72F2A7667EB00650BAB /* ViewOutputProtocol.swift */,
			);
			path = Presenter;
			sourceTree = "<group>";
		};
		CE21D7312A7667EB00650BAB /* Protocols */ = {
			isa = PBXGroup;
			children = (
				CE21D7322A7667EB00650BAB /* PresentableProtocol.swift */,
				CE21D7332A7667EB00650BAB /* BaseAssemblyProtocol.swift */,
				CE21D7342A7667EB00650BAB /* ViewControllerProtocol.swift */,
				CE21D7362A7667EB00650BAB /* CoordinatorProtocol.swift */,
				CE21D7392A7667EB00650BAB /* CoordinatorRouterProtocol.swift */,
				CE5DCBD42A7FAD5800582FB3 /* ContainersHolderProtocol.swift */,
			);
			path = Protocols;
			sourceTree = "<group>";
		};
		CE21D7592A766F1300650BAB /* FloatingPanel */ = {
			isa = PBXGroup;
			children = (
				CE21D75A2A766F2300650BAB /* SBFloatingPanelDelegate.swift */,
				CE21D75C2A766F4900650BAB /* SBFloatingPanelLayout.swift */,
			);
			path = FloatingPanel;
			sourceTree = "<group>";
		};
		CE21D75E2A76707100650BAB /* Extension */ = {
			isa = PBXGroup;
			children = (
				CE21D7512A766CBD00650BAB /* UIViewController+Extension.swift */,
				CE21D7552A766DC800650BAB /* UIView+Layout.swift */,
				CEDB8A062A83DDA700E1F27A /* Date+Extension.swift */,
				CEDB8A082A83DDE400E1F27A /* Double+Extension.swift */,
			);
			path = Extension;
			sourceTree = "<group>";
		};
		CE21D75F2A76708400650BAB /* CommonUI */ = {
			isa = PBXGroup;
			children = (
				CE21D7532A766D9500650BAB /* LoaderView.swift */,
			);
			path = CommonUI;
			sourceTree = "<group>";
		};
		CE21D76A2A768CEB00650BAB /* RootRouter */ = {
			isa = PBXGroup;
			children = (
				CE21D7662A768C3600650BAB /* RootRouter.swift */,
				CE21D7682A768CD800650BAB /* RootRouterLocator.swift */,
			);
			path = RootRouter;
			sourceTree = "<group>";
		};
		CE21D76B2A768D5A00650BAB /* AppInteractor */ = {
			isa = PBXGroup;
			children = (
				CE21D76C2A768D6600650BAB /* AppInteractor.swift */,
			);
			path = AppInteractor;
			sourceTree = "<group>";
		};
		CE21D76E2A768F7A00650BAB /* UserService */ = {
			isa = PBXGroup;
			children = (
				CE21D76F2A768F8200650BAB /* UserService.swift */,
				CE21D7712A768FEE00650BAB /* UserServiceLocator.swift */,
			);
			path = UserService;
			sourceTree = "<group>";
		};
		CE21D7732A76902600650BAB /* UserDefaultsService */ = {
			isa = PBXGroup;
			children = (
				CE21D7742A76903100650BAB /* UserDefaultsService.swift */,
			);
			path = UserDefaultsService;
			sourceTree = "<group>";
		};
		CE21D7762A76907500650BAB /* ModelLayer */ = {
			isa = PBXGroup;
			children = (
			);
			path = ModelLayer;
			sourceTree = "<group>";
		};
		CE21D77C2A7694E500650BAB /* NetworkingSessionService */ = {
			isa = PBXGroup;
			children = (
				CE1D94EB2A7BFC7E0058EBBF /* WeatherServiceError.swift */,
				CE21D77D2A7694EC00650BAB /* NetworkingSessionService.swift */,
				CE21D77F2A76953E00650BAB /* NetworkingSessionServiceLocator.swift */,
				CECB445B2A8A564900B86A0D /* ResponseProtocol.swift */,
				CECB44592A8A560E00B86A0D /* RawDataResponse.swift */,
				CECB44572A8A558500B86A0D /* ApiResponseProtocol.swift */,
			);
			path = NetworkingSessionService;
			sourceTree = "<group>";
		};
		CE21D7812A7695E000650BAB /* API */ = {
			isa = PBXGroup;
			children = (
				CEA3C8472A8C6421009F62B9 /* BaseClasses */,
				CEA3C83E2A8C52F6009F62B9 /* APIServicesLocatorProtocol */,
				CEFA03B22A7AA48F00D5471D /* WeatherService */,
			);
			path = API;
			sourceTree = "<group>";
		};
		CE21D7862A76984100650BAB /* DeepLink */ = {
			isa = PBXGroup;
			children = (
				CE21D7872A76984C00650BAB /* DeepLinkOption.swift */,
				CE21D7892A76988700650BAB /* DeepLinkOptionProtocol.swift */,
			);
			path = DeepLink;
			sourceTree = "<group>";
		};
		CE5DCBB72A7FAC2A00582FB3 /* MultyCompositeModule */ = {
			isa = PBXGroup;
			children = (
				CE5DCBB82A7FAC2A00582FB3 /* Module */,
				CE5DCBF22A7FD2F200582FB3 /* Submodules */,
			);
			path = MultyCompositeModule;
			sourceTree = "<group>";
		};
		CE5DCBB82A7FAC2A00582FB3 /* Module */ = {
			isa = PBXGroup;
			children = (
				CE5DCBB92A7FAC2A00582FB3 /* Coordinator */,
				CE5DCBBC2A7FAC2A00582FB3 /* Assembly */,
				CE5DCBBE2A7FAC2A00582FB3 /* Contracts */,
				CE5DCBC02A7FAC2A00582FB3 /* Presenter */,
				CE5DCBC22A7FAC2A00582FB3 /* View */,
				CE5DCBC52A7FAC2A00582FB3 /* Interactor */,
				CE5DCBC72A7FAC2A00582FB3 /* Router */,
			);
			path = Module;
			sourceTree = "<group>";
		};
		CE5DCBB92A7FAC2A00582FB3 /* Coordinator */ = {
			isa = PBXGroup;
			children = (
				CE5DCBBA2A7FAC2A00582FB3 /* MultyCoordinator.swift */,
				CE5DCBBB2A7FAC2A00582FB3 /* MultyCoordinatorAssembly.swift */,
			);
			path = Coordinator;
			sourceTree = "<group>";
		};
		CE5DCBBC2A7FAC2A00582FB3 /* Assembly */ = {
			isa = PBXGroup;
			children = (
				CE5DCBBD2A7FAC2A00582FB3 /* MultyAssembly.swift */,
			);
			path = Assembly;
			sourceTree = "<group>";
		};
		CE5DCBBE2A7FAC2A00582FB3 /* Contracts */ = {
			isa = PBXGroup;
			children = (
				CE5DCBBF2A7FAC2A00582FB3 /* MultyContracts.swift */,
			);
			path = Contracts;
			sourceTree = "<group>";
		};
		CE5DCBC02A7FAC2A00582FB3 /* Presenter */ = {
			isa = PBXGroup;
			children = (
				CE5DCBC12A7FAC2A00582FB3 /* MultyPresenter.swift */,
			);
			path = Presenter;
			sourceTree = "<group>";
		};
		CE5DCBC22A7FAC2A00582FB3 /* View */ = {
			isa = PBXGroup;
			children = (
				CE5DCBC42A7FAC2A00582FB3 /* MultyViewController.swift */,
				CE5DCBC32A7FAC2A00582FB3 /* MultyViewController.xib */,
			);
			path = View;
			sourceTree = "<group>";
		};
		CE5DCBC52A7FAC2A00582FB3 /* Interactor */ = {
			isa = PBXGroup;
			children = (
				CE5DCBC62A7FAC2A00582FB3 /* MultyInteractor.swift */,
			);
			path = Interactor;
			sourceTree = "<group>";
		};
		CE5DCBC72A7FAC2A00582FB3 /* Router */ = {
			isa = PBXGroup;
			children = (
				CE5DCBC82A7FAC2A00582FB3 /* MultyRouter.swift */,
			);
			path = Router;
			sourceTree = "<group>";
		};
		CE5DCBF22A7FD2F200582FB3 /* Submodules */ = {
			isa = PBXGroup;
			children = (
				CE5EDEE12A812067006D90DD /* CityWeatherModule */,
			);
			name = Submodules;
			path = Sub1Module;
			sourceTree = "<group>";
		};
		CE5EDEE12A812067006D90DD /* CityWeatherModule */ = {
			isa = PBXGroup;
			children = (
				CE5EDEE22A812067006D90DD /* Coordinator */,
				CE5EDEE52A812067006D90DD /* Assembly */,
				CECB445D2A8A57A300B86A0D /* Entity */,
				CE5EDEE72A812067006D90DD /* Contracts */,
				CE5EDEE92A812067006D90DD /* Presenter */,
				CE5EDEEB2A812067006D90DD /* View */,
				CE5EDEEE2A812067006D90DD /* Interactor */,
				CE5EDEF02A812067006D90DD /* Router */,
			);
			path = CityWeatherModule;
			sourceTree = "<group>";
		};
		CE5EDEE22A812067006D90DD /* Coordinator */ = {
			isa = PBXGroup;
			children = (
				CE5EDEE32A812067006D90DD /* CityWeatherCoordinatorAssembly.swift */,
				CE5EDEE42A812067006D90DD /* CityWeatherCoordinator.swift */,
			);
			path = Coordinator;
			sourceTree = "<group>";
		};
		CE5EDEE52A812067006D90DD /* Assembly */ = {
			isa = PBXGroup;
			children = (
				CE5EDEE62A812067006D90DD /* CityWeatherAssembly.swift */,
			);
			path = Assembly;
			sourceTree = "<group>";
		};
		CE5EDEE72A812067006D90DD /* Contracts */ = {
			isa = PBXGroup;
			children = (
				CE5EDEE82A812067006D90DD /* CityWeatherContracts.swift */,
			);
			path = Contracts;
			sourceTree = "<group>";
		};
		CE5EDEE92A812067006D90DD /* Presenter */ = {
			isa = PBXGroup;
			children = (
				CE5EDEEA2A812067006D90DD /* CityWeatherPresenter.swift */,
			);
			path = Presenter;
			sourceTree = "<group>";
		};
		CE5EDEEB2A812067006D90DD /* View */ = {
			isa = PBXGroup;
			children = (
				CE5EDEED2A812067006D90DD /* CityWeatherViewController.swift */,
				CE5EDEEC2A812067006D90DD /* CityWeatherViewController.xib */,
				CECB445E2A8A57D600B86A0D /* ViewModel */,
			);
			path = View;
			sourceTree = "<group>";
		};
		CE5EDEEE2A812067006D90DD /* Interactor */ = {
			isa = PBXGroup;
			children = (
				CE5EDEEF2A812067006D90DD /* CityWeatherInteractor.swift */,
			);
			path = Interactor;
			sourceTree = "<group>";
		};
		CE5EDEF02A812067006D90DD /* Router */ = {
			isa = PBXGroup;
			children = (
				CE5EDEF12A812067006D90DD /* CityWeatherRouter.swift */,
			);
			path = Router;
			sourceTree = "<group>";
		};
		CE65D9412A728E7B009E6954 = {
			isa = PBXGroup;
			children = (
				CE65D94C2A728E7B009E6954 /* GlobalWeather */,
				CE65D9632A728E7D009E6954 /* GlobalWeatherTests */,
				CE65D96D2A728E7D009E6954 /* GlobalWeatherUITests */,
				CE65D94B2A728E7B009E6954 /* Products */,
				B5858AA0528F001D74526FE7 /* Pods */,
				1F84FA52E114BF8E59DB10EC /* Frameworks */,
			);
			sourceTree = "<group>";
		};
		CE65D94B2A728E7B009E6954 /* Products */ = {
			isa = PBXGroup;
			children = (
				CE65D94A2A728E7B009E6954 /* GlobalWeather.app */,
				CE65D9602A728E7D009E6954 /* GlobalWeatherTests.xctest */,
				CE65D96A2A728E7D009E6954 /* GlobalWeatherUITests.xctest */,
			);
			name = Products;
			sourceTree = "<group>";
		};
		CE65D94C2A728E7B009E6954 /* GlobalWeather */ = {
			isa = PBXGroup;
			children = (
				CE65D97F2A729094009E6954 /* Sources */,
				CE21D6BC2A765D7F00650BAB /* Common */,
				CE65D9812A7290DE009E6954 /* Utilities */,
				CE65D97E2A728F07009E6954 /* Resources */,
			);
			path = GlobalWeather;
			sourceTree = "<group>";
		};
		CE65D9632A728E7D009E6954 /* GlobalWeatherTests */ = {
			isa = PBXGroup;
			children = (
				CE65D9642A728E7D009E6954 /* GlobalWeatherTests.swift */,
			);
			path = GlobalWeatherTests;
			sourceTree = "<group>";
		};
		CE65D96D2A728E7D009E6954 /* GlobalWeatherUITests */ = {
			isa = PBXGroup;
			children = (
				CE65D96E2A728E7D009E6954 /* GlobalWeatherUITests.swift */,
				CE65D9702A728E7D009E6954 /* GlobalWeatherUITestsLaunchTests.swift */,
			);
			path = GlobalWeatherUITests;
			sourceTree = "<group>";
		};
		CE65D97D2A728EE1009E6954 /* Application */ = {
			isa = PBXGroup;
			children = (
				CE0D65752A77F3F2007B5713 /* ApplicationDelegate */,
				CE65D9822A72910E009E6954 /* App */,
				CE0D65742A77F3D9007B5713 /* AppCoordinator */,
				CE21D76B2A768D5A00650BAB /* AppInteractor */,
				CE21D76A2A768CEB00650BAB /* RootRouter */,
			);
			path = Application;
			sourceTree = "<group>";
		};
		CE65D97E2A728F07009E6954 /* Resources */ = {
			isa = PBXGroup;
			children = (
				CE65D9562A728E7D009E6954 /* Assets.xcassets */,
				CE65D95B2A728E7D009E6954 /* Info.plist */,
				CE1B9D252A7E99CA00C6D5C0 /* LaunchScreen.storyboard */,
			);
			path = Resources;
			sourceTree = "<group>";
		};
		CE65D97F2A729094009E6954 /* Sources */ = {
			isa = PBXGroup;
			children = (
				CE65D97D2A728EE1009E6954 /* Application */,
				CEFA03862A79404200D5471D /* Flows */,
			);
			path = Sources;
			sourceTree = "<group>";
		};
		CE65D9812A7290DE009E6954 /* Utilities */ = {
			isa = PBXGroup;
			children = (
				CE21D7592A766F1300650BAB /* FloatingPanel */,
				CE21D7572A766E3100650BAB /* DeviceService.swift */,
				CE21D74D2A76686E00650BAB /* BlockObject.swift */,
				CE21D74F2A7668C000650BAB /* WeakContainer.swift */,
			);
			path = Utilities;
			sourceTree = "<group>";
		};
		CE65D9822A72910E009E6954 /* App */ = {
			isa = PBXGroup;
			children = (
				CE21D7602A76887600650BAB /* App.swift */,
				CE0D65722A77E0D9007B5713 /* AppServiceLocator.swift */,
				CE21D7842A76971E00650BAB /* AppAppearance.swift */,
			);
			path = App;
			sourceTree = "<group>";
		};
		CEA3C83A2A8C52A4009F62B9 /* CityWeather */ = {
			isa = PBXGroup;
			children = (
				CEA3C8382A8C529B009F62B9 /* CityWeatherRequest.swift */,
				CE1D94E92A7BFAB20058EBBF /* CityWeatherResponse.swift */,
			);
			path = CityWeather;
			sourceTree = "<group>";
		};
		CEA3C83D2A8C52D3009F62B9 /* LocationWeather */ = {
			isa = PBXGroup;
			children = (
				CEA3C83B2A8C52CF009F62B9 /* LocationWeatherRequest.swift */,
				CEF248522A8C6936001BEB26 /* LocationWeatherResponse.swift */,
			);
			path = LocationWeather;
			sourceTree = "<group>";
		};
		CEA3C83E2A8C52F6009F62B9 /* APIServicesLocatorProtocol */ = {
			isa = PBXGroup;
			children = (
				CEFA03B42A7AA48F00D5471D /* APIServicesLocatorProtocol.swift */,
			);
			path = APIServicesLocatorProtocol;
			sourceTree = "<group>";
		};
		CEA3C8472A8C6421009F62B9 /* BaseClasses */ = {
			isa = PBXGroup;
			children = (
				CEA3C83F2A8C5331009F62B9 /* BaseRequest.swift */,
				CEA3C8432A8C5BB0009F62B9 /* RequestBuilder.swift */,
				CEA3C8452A8C6408009F62B9 /* RouterProtocol.swift */,
				CEA3C8412A8C544D009F62B9 /* CustomAPIError.swift */,
			);
			path = BaseClasses;
			sourceTree = "<group>";
		};
		CECB444B2A8A4A8C00B86A0D /* Services */ = {
			isa = PBXGroup;
			children = (
				CE21D7812A7695E000650BAB /* API */,
				CE21D77C2A7694E500650BAB /* NetworkingSessionService */,
				CE21D76E2A768F7A00650BAB /* UserService */,
				CE21D7732A76902600650BAB /* UserDefaultsService */,
			);
			path = Services;
			sourceTree = "<group>";
		};
		CECB445D2A8A57A300B86A0D /* Entity */ = {
			isa = PBXGroup;
			children = (
				CE1D94E72A7BF1F10058EBBF /* Location.swift */,
			);
			path = Entity;
			sourceTree = "<group>";
		};
		CECB445E2A8A57D600B86A0D /* ViewModel */ = {
			isa = PBXGroup;
			children = (
				CE5A8F462A83415B00ADFF32 /* WeatherViewModel.swift */,
			);
			path = ViewModel;
			sourceTree = "<group>";
		};
		CEF248552A8C6A0D001BEB26 /* Common */ = {
			isa = PBXGroup;
			children = (
				CEFA03B32A7AA48F00D5471D /* WeatherService.swift */,
				CE1D94E42A7BF0DC0058EBBF /* WeatherRouter.swift */,
				CEF248562A8C6A2C001BEB26 /* CommonResponses.swift */,
			);
			path = Common;
			sourceTree = "<group>";
		};
		CEFA03862A79404200D5471D /* Flows */ = {
			isa = PBXGroup;
			children = (
				CEFA038B2A79410200D5471D /* FirstFlow */,
			);
			path = Flows;
			sourceTree = "<group>";
		};
		CEFA038B2A79410200D5471D /* FirstFlow */ = {
			isa = PBXGroup;
			children = (
				CEFA038C2A79410200D5471D /* FlowCoordinator */,
			);
			path = FirstFlow;
			sourceTree = "<group>";
		};
		CEFA038C2A79410200D5471D /* FlowCoordinator */ = {
			isa = PBXGroup;
			children = (
				CEFA038D2A79410200D5471D /* FirstFlowCoordinatorAssembly.swift */,
				CEFA038E2A79410200D5471D /* FirstFlowCoordinator.swift */,
				CEFA038F2A79410200D5471D /* FirstFlowExitRoutingHandlerProtocol.swift */,
				CEFA03932A79410E00D5471D /* Modules */,
			);
			path = FlowCoordinator;
			sourceTree = "<group>";
		};
		CEFA03932A79410E00D5471D /* Modules */ = {
			isa = PBXGroup;
			children = (
				CEFA03962A79413000D5471D /* MainModule */,
				CE5DCBB72A7FAC2A00582FB3 /* MultyCompositeModule */,
			);
			path = Modules;
			sourceTree = "<group>";
		};
		CEFA03962A79413000D5471D /* MainModule */ = {
			isa = PBXGroup;
			children = (
				CEFA03972A79413000D5471D /* Coordinator */,
				CEFA039A2A79413000D5471D /* Assembly */,
				CEFA039C2A79413000D5471D /* Contracts */,
				CEFA039E2A79413000D5471D /* Presenter */,
				CEFA03A02A79413000D5471D /* View */,
				CEFA03A32A79413000D5471D /* Interactor */,
				CEFA03A52A79413000D5471D /* Router */,
			);
			path = MainModule;
			sourceTree = "<group>";
		};
		CEFA03972A79413000D5471D /* Coordinator */ = {
			isa = PBXGroup;
			children = (
				CEFA03982A79413000D5471D /* MainCoordinatorAssembly.swift */,
				CEFA03992A79413000D5471D /* MainCoordinator.swift */,
			);
			path = Coordinator;
			sourceTree = "<group>";
		};
		CEFA039A2A79413000D5471D /* Assembly */ = {
			isa = PBXGroup;
			children = (
				CEFA039B2A79413000D5471D /* MainAssembly.swift */,
			);
			path = Assembly;
			sourceTree = "<group>";
		};
		CEFA039C2A79413000D5471D /* Contracts */ = {
			isa = PBXGroup;
			children = (
				CEFA039D2A79413000D5471D /* MainContracts.swift */,
			);
			path = Contracts;
			sourceTree = "<group>";
		};
		CEFA039E2A79413000D5471D /* Presenter */ = {
			isa = PBXGroup;
			children = (
				CEFA039F2A79413000D5471D /* MainPresenter.swift */,
			);
			path = Presenter;
			sourceTree = "<group>";
		};
		CEFA03A02A79413000D5471D /* View */ = {
			isa = PBXGroup;
			children = (
				CEFA03A22A79413000D5471D /* MainViewController.swift */,
				CEFA03A12A79413000D5471D /* MainViewController.xib */,
			);
			path = View;
			sourceTree = "<group>";
		};
		CEFA03A32A79413000D5471D /* Interactor */ = {
			isa = PBXGroup;
			children = (
				CEFA03A42A79413000D5471D /* MainInteractor.swift */,
			);
			path = Interactor;
			sourceTree = "<group>";
		};
		CEFA03A52A79413000D5471D /* Router */ = {
			isa = PBXGroup;
			children = (
				CEFA03A62A79413000D5471D /* MainRouter.swift */,
			);
			path = Router;
			sourceTree = "<group>";
		};
		CEFA03B22A7AA48F00D5471D /* WeatherService */ = {
			isa = PBXGroup;
			children = (
				CEF248552A8C6A0D001BEB26 /* Common */,
				CEA3C83A2A8C52A4009F62B9 /* CityWeather */,
				CEA3C83D2A8C52D3009F62B9 /* LocationWeather */,
			);
			path = WeatherService;
			sourceTree = "<group>";
		};
/* End PBXGroup section */

/* Begin PBXNativeTarget section */
		CE65D9492A728E7B009E6954 /* GlobalWeather */ = {
			isa = PBXNativeTarget;
			buildConfigurationList = CE65D9742A728E7D009E6954 /* Build configuration list for PBXNativeTarget "GlobalWeather" */;
			buildPhases = (
				E4DF8C80F82F85A2551E29F5 /* [CP] Check Pods Manifest.lock */,
				CE65D9462A728E7B009E6954 /* Sources */,
				CE65D9472A728E7B009E6954 /* Frameworks */,
				CE65D9482A728E7B009E6954 /* Resources */,
				661BC8ACEE73160DDDF80CD0 /* [CP] Embed Pods Frameworks */,
			);
			buildRules = (
			);
			dependencies = (
			);
			name = GlobalWeather;
			productName = GlobalWeather;
			productReference = CE65D94A2A728E7B009E6954 /* GlobalWeather.app */;
			productType = "com.apple.product-type.application";
		};
		CE65D95F2A728E7D009E6954 /* GlobalWeatherTests */ = {
			isa = PBXNativeTarget;
			buildConfigurationList = CE65D9772A728E7D009E6954 /* Build configuration list for PBXNativeTarget "GlobalWeatherTests" */;
			buildPhases = (
				9BBADB714B1269534FCEA1BA /* [CP] Check Pods Manifest.lock */,
				CE65D95C2A728E7D009E6954 /* Sources */,
				CE65D95D2A728E7D009E6954 /* Frameworks */,
				CE65D95E2A728E7D009E6954 /* Resources */,
			);
			buildRules = (
			);
			dependencies = (
				CE65D9622A728E7D009E6954 /* PBXTargetDependency */,
			);
			name = GlobalWeatherTests;
			productName = GlobalWeatherTests;
			productReference = CE65D9602A728E7D009E6954 /* GlobalWeatherTests.xctest */;
			productType = "com.apple.product-type.bundle.unit-test";
		};
		CE65D9692A728E7D009E6954 /* GlobalWeatherUITests */ = {
			isa = PBXNativeTarget;
			buildConfigurationList = CE65D97A2A728E7D009E6954 /* Build configuration list for PBXNativeTarget "GlobalWeatherUITests" */;
			buildPhases = (
				96B7ECB6158C638234CAA55D /* [CP] Check Pods Manifest.lock */,
				CE65D9662A728E7D009E6954 /* Sources */,
				CE65D9672A728E7D009E6954 /* Frameworks */,
				CE65D9682A728E7D009E6954 /* Resources */,
				7D87CCB350D1B3B3D9D9609A /* [CP] Embed Pods Frameworks */,
			);
			buildRules = (
			);
			dependencies = (
				CE65D96C2A728E7D009E6954 /* PBXTargetDependency */,
			);
			name = GlobalWeatherUITests;
			productName = GlobalWeatherUITests;
			productReference = CE65D96A2A728E7D009E6954 /* GlobalWeatherUITests.xctest */;
			productType = "com.apple.product-type.bundle.ui-testing";
		};
/* End PBXNativeTarget section */

/* Begin PBXProject section */
		CE65D9422A728E7B009E6954 /* Project object */ = {
			isa = PBXProject;
			attributes = {
				BuildIndependentTargetsInParallel = 1;
				LastSwiftUpdateCheck = 1410;
				LastUpgradeCheck = 1410;
				TargetAttributes = {
					CE65D9492A728E7B009E6954 = {
						CreatedOnToolsVersion = 14.1;
					};
					CE65D95F2A728E7D009E6954 = {
						CreatedOnToolsVersion = 14.1;
						TestTargetID = CE65D9492A728E7B009E6954;
					};
					CE65D9692A728E7D009E6954 = {
						CreatedOnToolsVersion = 14.1;
						TestTargetID = CE65D9492A728E7B009E6954;
					};
				};
			};
			buildConfigurationList = CE65D9452A728E7B009E6954 /* Build configuration list for PBXProject "GlobalWeather" */;
			compatibilityVersion = "Xcode 14.0";
			developmentRegion = en;
			hasScannedForEncodings = 0;
			knownRegions = (
				en,
				Base,
			);
			mainGroup = CE65D9412A728E7B009E6954;
			productRefGroup = CE65D94B2A728E7B009E6954 /* Products */;
			projectDirPath = "";
			projectRoot = "";
			targets = (
				CE65D9492A728E7B009E6954 /* GlobalWeather */,
				CE65D95F2A728E7D009E6954 /* GlobalWeatherTests */,
				CE65D9692A728E7D009E6954 /* GlobalWeatherUITests */,
			);
		};
/* End PBXProject section */

/* Begin PBXResourcesBuildPhase section */
		CE65D9482A728E7B009E6954 /* Resources */ = {
			isa = PBXResourcesBuildPhase;
			buildActionMask = 2147483647;
			files = (
				CE1B9D262A7E99CA00C6D5C0 /* LaunchScreen.storyboard in Resources */,
				CE65D9572A728E7D009E6954 /* Assets.xcassets in Resources */,
				CE5EDEF72A812067006D90DD /* CityWeatherViewController.xib in Resources */,
				CE5DCBCE2A7FAC2A00582FB3 /* MultyViewController.xib in Resources */,
				CEFA03AC2A79413000D5471D /* MainViewController.xib in Resources */,
			);
			runOnlyForDeploymentPostprocessing = 0;
		};
		CE65D95E2A728E7D009E6954 /* Resources */ = {
			isa = PBXResourcesBuildPhase;
			buildActionMask = 2147483647;
			files = (
			);
			runOnlyForDeploymentPostprocessing = 0;
		};
		CE65D9682A728E7D009E6954 /* Resources */ = {
			isa = PBXResourcesBuildPhase;
			buildActionMask = 2147483647;
			files = (
			);
			runOnlyForDeploymentPostprocessing = 0;
		};
/* End PBXResourcesBuildPhase section */

/* Begin PBXShellScriptBuildPhase section */
		661BC8ACEE73160DDDF80CD0 /* [CP] Embed Pods Frameworks */ = {
			isa = PBXShellScriptBuildPhase;
			buildActionMask = 2147483647;
			files = (
			);
			inputFileListPaths = (
				"${PODS_ROOT}/Target Support Files/Pods-GlobalWeather/Pods-GlobalWeather-frameworks-${CONFIGURATION}-input-files.xcfilelist",
			);
			name = "[CP] Embed Pods Frameworks";
			outputFileListPaths = (
				"${PODS_ROOT}/Target Support Files/Pods-GlobalWeather/Pods-GlobalWeather-frameworks-${CONFIGURATION}-output-files.xcfilelist",
			);
			runOnlyForDeploymentPostprocessing = 0;
			shellPath = /bin/sh;
			shellScript = "\"${PODS_ROOT}/Target Support Files/Pods-GlobalWeather/Pods-GlobalWeather-frameworks.sh\"\n";
			showEnvVarsInLog = 0;
		};
		7D87CCB350D1B3B3D9D9609A /* [CP] Embed Pods Frameworks */ = {
			isa = PBXShellScriptBuildPhase;
			buildActionMask = 2147483647;
			files = (
			);
			inputFileListPaths = (
				"${PODS_ROOT}/Target Support Files/Pods-GlobalWeather-GlobalWeatherUITests/Pods-GlobalWeather-GlobalWeatherUITests-frameworks-${CONFIGURATION}-input-files.xcfilelist",
			);
			name = "[CP] Embed Pods Frameworks";
			outputFileListPaths = (
				"${PODS_ROOT}/Target Support Files/Pods-GlobalWeather-GlobalWeatherUITests/Pods-GlobalWeather-GlobalWeatherUITests-frameworks-${CONFIGURATION}-output-files.xcfilelist",
			);
			runOnlyForDeploymentPostprocessing = 0;
			shellPath = /bin/sh;
			shellScript = "\"${PODS_ROOT}/Target Support Files/Pods-GlobalWeather-GlobalWeatherUITests/Pods-GlobalWeather-GlobalWeatherUITests-frameworks.sh\"\n";
			showEnvVarsInLog = 0;
		};
		96B7ECB6158C638234CAA55D /* [CP] Check Pods Manifest.lock */ = {
			isa = PBXShellScriptBuildPhase;
			buildActionMask = 2147483647;
			files = (
			);
			inputFileListPaths = (
			);
			inputPaths = (
				"${PODS_PODFILE_DIR_PATH}/Podfile.lock",
				"${PODS_ROOT}/Manifest.lock",
			);
			name = "[CP] Check Pods Manifest.lock";
			outputFileListPaths = (
			);
			outputPaths = (
				"$(DERIVED_FILE_DIR)/Pods-GlobalWeather-GlobalWeatherUITests-checkManifestLockResult.txt",
			);
			runOnlyForDeploymentPostprocessing = 0;
			shellPath = /bin/sh;
			shellScript = "diff \"${PODS_PODFILE_DIR_PATH}/Podfile.lock\" \"${PODS_ROOT}/Manifest.lock\" > /dev/null\nif [ $? != 0 ] ; then\n    # print error to STDERR\n    echo \"error: The sandbox is not in sync with the Podfile.lock. Run 'pod install' or update your CocoaPods installation.\" >&2\n    exit 1\nfi\n# This output is used by Xcode 'outputs' to avoid re-running this script phase.\necho \"SUCCESS\" > \"${SCRIPT_OUTPUT_FILE_0}\"\n";
			showEnvVarsInLog = 0;
		};
		9BBADB714B1269534FCEA1BA /* [CP] Check Pods Manifest.lock */ = {
			isa = PBXShellScriptBuildPhase;
			buildActionMask = 2147483647;
			files = (
			);
			inputFileListPaths = (
			);
			inputPaths = (
				"${PODS_PODFILE_DIR_PATH}/Podfile.lock",
				"${PODS_ROOT}/Manifest.lock",
			);
			name = "[CP] Check Pods Manifest.lock";
			outputFileListPaths = (
			);
			outputPaths = (
				"$(DERIVED_FILE_DIR)/Pods-GlobalWeatherTests-checkManifestLockResult.txt",
			);
			runOnlyForDeploymentPostprocessing = 0;
			shellPath = /bin/sh;
			shellScript = "diff \"${PODS_PODFILE_DIR_PATH}/Podfile.lock\" \"${PODS_ROOT}/Manifest.lock\" > /dev/null\nif [ $? != 0 ] ; then\n    # print error to STDERR\n    echo \"error: The sandbox is not in sync with the Podfile.lock. Run 'pod install' or update your CocoaPods installation.\" >&2\n    exit 1\nfi\n# This output is used by Xcode 'outputs' to avoid re-running this script phase.\necho \"SUCCESS\" > \"${SCRIPT_OUTPUT_FILE_0}\"\n";
			showEnvVarsInLog = 0;
		};
		E4DF8C80F82F85A2551E29F5 /* [CP] Check Pods Manifest.lock */ = {
			isa = PBXShellScriptBuildPhase;
			buildActionMask = 2147483647;
			files = (
			);
			inputFileListPaths = (
			);
			inputPaths = (
				"${PODS_PODFILE_DIR_PATH}/Podfile.lock",
				"${PODS_ROOT}/Manifest.lock",
			);
			name = "[CP] Check Pods Manifest.lock";
			outputFileListPaths = (
			);
			outputPaths = (
				"$(DERIVED_FILE_DIR)/Pods-GlobalWeather-checkManifestLockResult.txt",
			);
			runOnlyForDeploymentPostprocessing = 0;
			shellPath = /bin/sh;
			shellScript = "diff \"${PODS_PODFILE_DIR_PATH}/Podfile.lock\" \"${PODS_ROOT}/Manifest.lock\" > /dev/null\nif [ $? != 0 ] ; then\n    # print error to STDERR\n    echo \"error: The sandbox is not in sync with the Podfile.lock. Run 'pod install' or update your CocoaPods installation.\" >&2\n    exit 1\nfi\n# This output is used by Xcode 'outputs' to avoid re-running this script phase.\necho \"SUCCESS\" > \"${SCRIPT_OUTPUT_FILE_0}\"\n";
			showEnvVarsInLog = 0;
		};
/* End PBXShellScriptBuildPhase section */

/* Begin PBXSourcesBuildPhase section */
		CE65D9462A728E7B009E6954 /* Sources */ = {
			isa = PBXSourcesBuildPhase;
			buildActionMask = 2147483647;
			files = (
				CE5A8F472A83415B00ADFF32 /* WeatherViewModel.swift in Sources */,
				CECB44582A8A558500B86A0D /* ApiResponseProtocol.swift in Sources */,
				CE21D74C2A7667EB00650BAB /* CoordinatorRouterProtocol.swift in Sources */,
				CE5EDEF52A812067006D90DD /* CityWeatherContracts.swift in Sources */,
				CE21D7432A7667EB00650BAB /* ViewOutputProtocol.swift in Sources */,
				CEA3C8442A8C5BB0009F62B9 /* RequestBuilder.swift in Sources */,
				CE5DCBC92A7FAC2A00582FB3 /* MultyCoordinator.swift in Sources */,
				CEDB8A072A83DDA700E1F27A /* Date+Extension.swift in Sources */,
				CEF248572A8C6A2C001BEB26 /* CommonResponses.swift in Sources */,
				CE5EDEF32A812067006D90DD /* CityWeatherCoordinator.swift in Sources */,
				CE21D7692A768CD800650BAB /* RootRouterLocator.swift in Sources */,
				CEA3C8392A8C529B009F62B9 /* CityWeatherRequest.swift in Sources */,
				CE0D65732A77E0D9007B5713 /* AppServiceLocator.swift in Sources */,
				CE1D94E52A7BF0DC0058EBBF /* WeatherRouter.swift in Sources */,
				CECB445C2A8A564900B86A0D /* ResponseProtocol.swift in Sources */,
				CEFA03A72A79413000D5471D /* MainCoordinatorAssembly.swift in Sources */,
				CE1D94E82A7BF1F10058EBBF /* Location.swift in Sources */,
				CE21D7802A76953E00650BAB /* NetworkingSessionServiceLocator.swift in Sources */,
				CEFA03AE2A79413000D5471D /* MainInteractor.swift in Sources */,
				CEFA03AA2A79413000D5471D /* MainContracts.swift in Sources */,
				CE5DCBCD2A7FAC2A00582FB3 /* MultyPresenter.swift in Sources */,
				CE21D78A2A76988700650BAB /* DeepLinkOptionProtocol.swift in Sources */,
				CE21D74E2A76686E00650BAB /* BlockObject.swift in Sources */,
				CE5EDEF82A812067006D90DD /* CityWeatherViewController.swift in Sources */,
				CEA3C8402A8C5331009F62B9 /* BaseRequest.swift in Sources */,
				CEDB8A092A83DDE400E1F27A /* Double+Extension.swift in Sources */,
				CEFA03A92A79413000D5471D /* MainAssembly.swift in Sources */,
				CE5DCBD12A7FAC2A00582FB3 /* MultyRouter.swift in Sources */,
				CE21D75D2A766F4900650BAB /* SBFloatingPanelLayout.swift in Sources */,
				CE21D7462A7667EB00650BAB /* BaseAssemblyProtocol.swift in Sources */,
				CE21D7472A7667EB00650BAB /* ViewControllerProtocol.swift in Sources */,
				CE21D7422A7667EB00650BAB /* BasePresenter.swift in Sources */,
				CEFA03922A79410200D5471D /* FirstFlowExitRoutingHandlerProtocol.swift in Sources */,
				CEF248532A8C6936001BEB26 /* LocationWeatherResponse.swift in Sources */,
				CE5DCBD32A7FAD1E00582FB3 /* BaseCompositeModuleRouter.swift in Sources */,
				CE5DCBCB2A7FAC2A00582FB3 /* MultyAssembly.swift in Sources */,
				CEA3C8422A8C544D009F62B9 /* CustomAPIError.swift in Sources */,
				CE21D7882A76984C00650BAB /* DeepLinkOption.swift in Sources */,
				CE21D7412A7667EB00650BAB /* BaseViewController.swift in Sources */,
				CEA3C83C2A8C52CF009F62B9 /* LocationWeatherRequest.swift in Sources */,
				CE21D7452A7667EB00650BAB /* PresentableProtocol.swift in Sources */,
				CEFA03AB2A79413000D5471D /* MainPresenter.swift in Sources */,
				CE21D7632A768B4500650BAB /* AppCoordinator.swift in Sources */,
				CE21D73B2A7667EB00650BAB /* BaseModuleRouter.swift in Sources */,
				CE21D7722A768FEE00650BAB /* UserServiceLocator.swift in Sources */,
				CEFA03B62A7AA48F00D5471D /* APIServicesLocatorProtocol.swift in Sources */,
				CE1D94EC2A7BFC7E0058EBBF /* WeatherServiceError.swift in Sources */,
				CE21D7522A766CBD00650BAB /* UIViewController+Extension.swift in Sources */,
				CE21D73E2A7667EB00650BAB /* ModuleRoutingHandlingProtocol.swift in Sources */,
				CE21D7672A768C3600650BAB /* RootRouter.swift in Sources */,
				CE5DCBCA2A7FAC2A00582FB3 /* MultyCoordinatorAssembly.swift in Sources */,
				CEFA03902A79410200D5471D /* FirstFlowCoordinatorAssembly.swift in Sources */,
				CE5DCBCF2A7FAC2A00582FB3 /* MultyViewController.swift in Sources */,
				CEFA03AD2A79413000D5471D /* MainViewController.swift in Sources */,
				CE65D94E2A728E7B009E6954 /* AppDelegate.swift in Sources */,
				CE5EDEF42A812067006D90DD /* CityWeatherAssembly.swift in Sources */,
				CE1D94EA2A7BFAB20058EBBF /* CityWeatherResponse.swift in Sources */,
				CE5EDEF62A812067006D90DD /* CityWeatherPresenter.swift in Sources */,
				CEFA03A82A79413000D5471D /* MainCoordinator.swift in Sources */,
				CE21D7402A7667EB00650BAB /* BaseCoordinator.swift in Sources */,
				CE21D76D2A768D6600650BAB /* AppInteractor.swift in Sources */,
				CE21D7702A768F8200650BAB /* UserService.swift in Sources */,
				CE5DCBD02A7FAC2A00582FB3 /* MultyInteractor.swift in Sources */,
				CE21D7582A766E3100650BAB /* DeviceService.swift in Sources */,
				CEFA03AF2A79413000D5471D /* MainRouter.swift in Sources */,
				CE21D7502A7668C000650BAB /* WeakContainer.swift in Sources */,
				CE21D7652A768B9F00650BAB /* AppCoordinatorLocator.swift in Sources */,
				CE21D7492A7667EB00650BAB /* CoordinatorProtocol.swift in Sources */,
				CE21D73A2A7667EB00650BAB /* BaseCoordinatorRouter.swift in Sources */,
				CE21D7562A766DC800650BAB /* UIView+Layout.swift in Sources */,
				CE21D77E2A7694EC00650BAB /* NetworkingSessionService.swift in Sources */,
				CE21D73C2A7667EB00650BAB /* Router.swift in Sources */,
				CE5EDEF92A812067006D90DD /* CityWeatherInteractor.swift in Sources */,
				CE21D7752A76903100650BAB /* UserDefaultsService.swift in Sources */,
				CE21D7612A76887600650BAB /* App.swift in Sources */,
				CE21D7442A7667EB00650BAB /* Module.swift in Sources */,
				CE21D7852A76971E00650BAB /* AppAppearance.swift in Sources */,
				CEFA03912A79410200D5471D /* FirstFlowCoordinator.swift in Sources */,
				CEFA03B52A7AA48F00D5471D /* WeatherService.swift in Sources */,
				CE21D7542A766D9500650BAB /* LoaderView.swift in Sources */,
				CEA3C8462A8C6408009F62B9 /* RouterProtocol.swift in Sources */,
				CE5EDEFA2A812067006D90DD /* CityWeatherRouter.swift in Sources */,
				CE5EDEF22A812067006D90DD /* CityWeatherCoordinatorAssembly.swift in Sources */,
				CE5DCBCC2A7FAC2A00582FB3 /* MultyContracts.swift in Sources */,
				CE21D73F2A7667EB00650BAB /* BaseFlowCoordinator.swift in Sources */,
				CE5DCBD52A7FAD5800582FB3 /* ContainersHolderProtocol.swift in Sources */,
				CE21D75B2A766F2300650BAB /* SBFloatingPanelDelegate.swift in Sources */,
				CE65D9502A728E7B009E6954 /* SceneDelegate.swift in Sources */,
				CECB445A2A8A560E00B86A0D /* RawDataResponse.swift in Sources */,
			);
			runOnlyForDeploymentPostprocessing = 0;
		};
		CE65D95C2A728E7D009E6954 /* Sources */ = {
			isa = PBXSourcesBuildPhase;
			buildActionMask = 2147483647;
			files = (
				CE65D9652A728E7D009E6954 /* GlobalWeatherTests.swift in Sources */,
			);
			runOnlyForDeploymentPostprocessing = 0;
		};
		CE65D9662A728E7D009E6954 /* Sources */ = {
			isa = PBXSourcesBuildPhase;
			buildActionMask = 2147483647;
			files = (
				CE65D9712A728E7D009E6954 /* GlobalWeatherUITestsLaunchTests.swift in Sources */,
				CE65D96F2A728E7D009E6954 /* GlobalWeatherUITests.swift in Sources */,
			);
			runOnlyForDeploymentPostprocessing = 0;
		};
/* End PBXSourcesBuildPhase section */

/* Begin PBXTargetDependency section */
		CE65D9622A728E7D009E6954 /* PBXTargetDependency */ = {
			isa = PBXTargetDependency;
			target = CE65D9492A728E7B009E6954 /* GlobalWeather */;
			targetProxy = CE65D9612A728E7D009E6954 /* PBXContainerItemProxy */;
		};
		CE65D96C2A728E7D009E6954 /* PBXTargetDependency */ = {
			isa = PBXTargetDependency;
			target = CE65D9492A728E7B009E6954 /* GlobalWeather */;
			targetProxy = CE65D96B2A728E7D009E6954 /* PBXContainerItemProxy */;
		};
/* End PBXTargetDependency section */

/* Begin XCBuildConfiguration section */
		CE65D9722A728E7D009E6954 /* Debug */ = {
			isa = XCBuildConfiguration;
			buildSettings = {
				ALWAYS_SEARCH_USER_PATHS = NO;
				CLANG_ANALYZER_NONNULL = YES;
				CLANG_ANALYZER_NUMBER_OBJECT_CONVERSION = YES_AGGRESSIVE;
				CLANG_CXX_LANGUAGE_STANDARD = "gnu++20";
				CLANG_ENABLE_MODULES = YES;
				CLANG_ENABLE_OBJC_ARC = YES;
				CLANG_ENABLE_OBJC_WEAK = YES;
				CLANG_WARN_BLOCK_CAPTURE_AUTORELEASING = YES;
				CLANG_WARN_BOOL_CONVERSION = YES;
				CLANG_WARN_COMMA = YES;
				CLANG_WARN_CONSTANT_CONVERSION = YES;
				CLANG_WARN_DEPRECATED_OBJC_IMPLEMENTATIONS = YES;
				CLANG_WARN_DIRECT_OBJC_ISA_USAGE = YES_ERROR;
				CLANG_WARN_DOCUMENTATION_COMMENTS = YES;
				CLANG_WARN_EMPTY_BODY = YES;
				CLANG_WARN_ENUM_CONVERSION = YES;
				CLANG_WARN_INFINITE_RECURSION = YES;
				CLANG_WARN_INT_CONVERSION = YES;
				CLANG_WARN_NON_LITERAL_NULL_CONVERSION = YES;
				CLANG_WARN_OBJC_IMPLICIT_RETAIN_SELF = YES;
				CLANG_WARN_OBJC_LITERAL_CONVERSION = YES;
				CLANG_WARN_OBJC_ROOT_CLASS = YES_ERROR;
				CLANG_WARN_QUOTED_INCLUDE_IN_FRAMEWORK_HEADER = YES;
				CLANG_WARN_RANGE_LOOP_ANALYSIS = YES;
				CLANG_WARN_STRICT_PROTOTYPES = YES;
				CLANG_WARN_SUSPICIOUS_MOVE = YES;
				CLANG_WARN_UNGUARDED_AVAILABILITY = YES_AGGRESSIVE;
				CLANG_WARN_UNREACHABLE_CODE = YES;
				CLANG_WARN__DUPLICATE_METHOD_MATCH = YES;
				COPY_PHASE_STRIP = NO;
				DEBUG_INFORMATION_FORMAT = dwarf;
				ENABLE_STRICT_OBJC_MSGSEND = YES;
				ENABLE_TESTABILITY = YES;
				GCC_C_LANGUAGE_STANDARD = gnu11;
				GCC_DYNAMIC_NO_PIC = NO;
				GCC_NO_COMMON_BLOCKS = YES;
				GCC_OPTIMIZATION_LEVEL = 0;
				GCC_PREPROCESSOR_DEFINITIONS = (
					"DEBUG=1",
					"$(inherited)",
				);
				GCC_WARN_64_TO_32_BIT_CONVERSION = YES;
				GCC_WARN_ABOUT_RETURN_TYPE = YES_ERROR;
				GCC_WARN_UNDECLARED_SELECTOR = YES;
				GCC_WARN_UNINITIALIZED_AUTOS = YES_AGGRESSIVE;
				GCC_WARN_UNUSED_FUNCTION = YES;
				GCC_WARN_UNUSED_VARIABLE = YES;
				IPHONEOS_DEPLOYMENT_TARGET = 16.1;
				MTL_ENABLE_DEBUG_INFO = INCLUDE_SOURCE;
				MTL_FAST_MATH = YES;
				ONLY_ACTIVE_ARCH = YES;
				SDKROOT = iphoneos;
				SWIFT_ACTIVE_COMPILATION_CONDITIONS = DEBUG;
				SWIFT_OPTIMIZATION_LEVEL = "-Onone";
			};
			name = Debug;
		};
		CE65D9732A728E7D009E6954 /* Release */ = {
			isa = XCBuildConfiguration;
			buildSettings = {
				ALWAYS_SEARCH_USER_PATHS = NO;
				CLANG_ANALYZER_NONNULL = YES;
				CLANG_ANALYZER_NUMBER_OBJECT_CONVERSION = YES_AGGRESSIVE;
				CLANG_CXX_LANGUAGE_STANDARD = "gnu++20";
				CLANG_ENABLE_MODULES = YES;
				CLANG_ENABLE_OBJC_ARC = YES;
				CLANG_ENABLE_OBJC_WEAK = YES;
				CLANG_WARN_BLOCK_CAPTURE_AUTORELEASING = YES;
				CLANG_WARN_BOOL_CONVERSION = YES;
				CLANG_WARN_COMMA = YES;
				CLANG_WARN_CONSTANT_CONVERSION = YES;
				CLANG_WARN_DEPRECATED_OBJC_IMPLEMENTATIONS = YES;
				CLANG_WARN_DIRECT_OBJC_ISA_USAGE = YES_ERROR;
				CLANG_WARN_DOCUMENTATION_COMMENTS = YES;
				CLANG_WARN_EMPTY_BODY = YES;
				CLANG_WARN_ENUM_CONVERSION = YES;
				CLANG_WARN_INFINITE_RECURSION = YES;
				CLANG_WARN_INT_CONVERSION = YES;
				CLANG_WARN_NON_LITERAL_NULL_CONVERSION = YES;
				CLANG_WARN_OBJC_IMPLICIT_RETAIN_SELF = YES;
				CLANG_WARN_OBJC_LITERAL_CONVERSION = YES;
				CLANG_WARN_OBJC_ROOT_CLASS = YES_ERROR;
				CLANG_WARN_QUOTED_INCLUDE_IN_FRAMEWORK_HEADER = YES;
				CLANG_WARN_RANGE_LOOP_ANALYSIS = YES;
				CLANG_WARN_STRICT_PROTOTYPES = YES;
				CLANG_WARN_SUSPICIOUS_MOVE = YES;
				CLANG_WARN_UNGUARDED_AVAILABILITY = YES_AGGRESSIVE;
				CLANG_WARN_UNREACHABLE_CODE = YES;
				CLANG_WARN__DUPLICATE_METHOD_MATCH = YES;
				COPY_PHASE_STRIP = NO;
				DEBUG_INFORMATION_FORMAT = "dwarf-with-dsym";
				ENABLE_NS_ASSERTIONS = NO;
				ENABLE_STRICT_OBJC_MSGSEND = YES;
				GCC_C_LANGUAGE_STANDARD = gnu11;
				GCC_NO_COMMON_BLOCKS = YES;
				GCC_WARN_64_TO_32_BIT_CONVERSION = YES;
				GCC_WARN_ABOUT_RETURN_TYPE = YES_ERROR;
				GCC_WARN_UNDECLARED_SELECTOR = YES;
				GCC_WARN_UNINITIALIZED_AUTOS = YES_AGGRESSIVE;
				GCC_WARN_UNUSED_FUNCTION = YES;
				GCC_WARN_UNUSED_VARIABLE = YES;
				IPHONEOS_DEPLOYMENT_TARGET = 16.1;
				MTL_ENABLE_DEBUG_INFO = NO;
				MTL_FAST_MATH = YES;
				SDKROOT = iphoneos;
				SWIFT_COMPILATION_MODE = wholemodule;
				SWIFT_OPTIMIZATION_LEVEL = "-O";
				VALIDATE_PRODUCT = YES;
			};
			name = Release;
		};
		CE65D9752A728E7D009E6954 /* Debug */ = {
			isa = XCBuildConfiguration;
			baseConfigurationReference = BC5EEF17D5AC7F3A7D94DF12 /* Pods-GlobalWeather.debug.xcconfig */;
			buildSettings = {
				ASSETCATALOG_COMPILER_APPICON_NAME = AppIcon;
				ASSETCATALOG_COMPILER_GLOBAL_ACCENT_COLOR_NAME = AccentColor;
				CODE_SIGN_STYLE = Automatic;
				CURRENT_PROJECT_VERSION = 1;
				DEVELOPMENT_TEAM = TV52855HY8;
				GENERATE_INFOPLIST_FILE = YES;
				INFOPLIST_FILE = GlobalWeather/Resources/Info.plist;
				INFOPLIST_KEY_UIApplicationSupportsIndirectInputEvents = YES;
				INFOPLIST_KEY_UILaunchStoryboardName = LaunchScreen.storyboard;
				INFOPLIST_KEY_UISupportedInterfaceOrientations_iPad = "UIInterfaceOrientationPortrait UIInterfaceOrientationPortraitUpsideDown UIInterfaceOrientationLandscapeLeft UIInterfaceOrientationLandscapeRight";
				INFOPLIST_KEY_UISupportedInterfaceOrientations_iPhone = "UIInterfaceOrientationPortrait UIInterfaceOrientationLandscapeLeft UIInterfaceOrientationLandscapeRight";
				LD_RUNPATH_SEARCH_PATHS = (
					"$(inherited)",
					"@executable_path/Frameworks",
				);
				MARKETING_VERSION = 1.0;
				PRODUCT_BUNDLE_IDENTIFIER = com.absadykov.kanat.GlobalWeather;
				PRODUCT_NAME = "$(TARGET_NAME)";
				SWIFT_EMIT_LOC_STRINGS = YES;
				SWIFT_VERSION = 5.0;
				TARGETED_DEVICE_FAMILY = "1,2";
			};
			name = Debug;
		};
		CE65D9762A728E7D009E6954 /* Release */ = {
			isa = XCBuildConfiguration;
			baseConfigurationReference = C23D875A351EA8DA0FB9F149 /* Pods-GlobalWeather.release.xcconfig */;
			buildSettings = {
				ASSETCATALOG_COMPILER_APPICON_NAME = AppIcon;
				ASSETCATALOG_COMPILER_GLOBAL_ACCENT_COLOR_NAME = AccentColor;
				CODE_SIGN_STYLE = Automatic;
				CURRENT_PROJECT_VERSION = 1;
				DEVELOPMENT_TEAM = TV52855HY8;
				GENERATE_INFOPLIST_FILE = YES;
				INFOPLIST_FILE = GlobalWeather/Resources/Info.plist;
				INFOPLIST_KEY_UIApplicationSupportsIndirectInputEvents = YES;
				INFOPLIST_KEY_UILaunchStoryboardName = LaunchScreen.storyboard;
				INFOPLIST_KEY_UISupportedInterfaceOrientations_iPad = "UIInterfaceOrientationPortrait UIInterfaceOrientationPortraitUpsideDown UIInterfaceOrientationLandscapeLeft UIInterfaceOrientationLandscapeRight";
				INFOPLIST_KEY_UISupportedInterfaceOrientations_iPhone = "UIInterfaceOrientationPortrait UIInterfaceOrientationLandscapeLeft UIInterfaceOrientationLandscapeRight";
				LD_RUNPATH_SEARCH_PATHS = (
					"$(inherited)",
					"@executable_path/Frameworks",
				);
				MARKETING_VERSION = 1.0;
				PRODUCT_BUNDLE_IDENTIFIER = com.absadykov.kanat.GlobalWeather;
				PRODUCT_NAME = "$(TARGET_NAME)";
				SWIFT_EMIT_LOC_STRINGS = YES;
				SWIFT_VERSION = 5.0;
				TARGETED_DEVICE_FAMILY = "1,2";
			};
			name = Release;
		};
		CE65D9782A728E7D009E6954 /* Debug */ = {
			isa = XCBuildConfiguration;
			baseConfigurationReference = 236141746299D409B893DA6A /* Pods-GlobalWeatherTests.debug.xcconfig */;
			buildSettings = {
				ALWAYS_EMBED_SWIFT_STANDARD_LIBRARIES = YES;
				BUNDLE_LOADER = "$(TEST_HOST)";
				CODE_SIGN_STYLE = Automatic;
				CURRENT_PROJECT_VERSION = 1;
				DEVELOPMENT_TEAM = TV52855HY8;
				GENERATE_INFOPLIST_FILE = YES;
				IPHONEOS_DEPLOYMENT_TARGET = 16.1;
				MARKETING_VERSION = 1.0;
				PRODUCT_BUNDLE_IDENTIFIER = com.absadykov.kanat.GlobalWeatherTests;
				PRODUCT_NAME = "$(TARGET_NAME)";
				SWIFT_EMIT_LOC_STRINGS = NO;
				SWIFT_VERSION = 5.0;
				TARGETED_DEVICE_FAMILY = "1,2";
				TEST_HOST = "$(BUILT_PRODUCTS_DIR)/GlobalWeather.app/$(BUNDLE_EXECUTABLE_FOLDER_PATH)/GlobalWeather";
			};
			name = Debug;
		};
		CE65D9792A728E7D009E6954 /* Release */ = {
			isa = XCBuildConfiguration;
			baseConfigurationReference = 64AB79472BFA91BA827B0CC2 /* Pods-GlobalWeatherTests.release.xcconfig */;
			buildSettings = {
				ALWAYS_EMBED_SWIFT_STANDARD_LIBRARIES = YES;
				BUNDLE_LOADER = "$(TEST_HOST)";
				CODE_SIGN_STYLE = Automatic;
				CURRENT_PROJECT_VERSION = 1;
				DEVELOPMENT_TEAM = TV52855HY8;
				GENERATE_INFOPLIST_FILE = YES;
				IPHONEOS_DEPLOYMENT_TARGET = 16.1;
				MARKETING_VERSION = 1.0;
				PRODUCT_BUNDLE_IDENTIFIER = com.absadykov.kanat.GlobalWeatherTests;
				PRODUCT_NAME = "$(TARGET_NAME)";
				SWIFT_EMIT_LOC_STRINGS = NO;
				SWIFT_VERSION = 5.0;
				TARGETED_DEVICE_FAMILY = "1,2";
				TEST_HOST = "$(BUILT_PRODUCTS_DIR)/GlobalWeather.app/$(BUNDLE_EXECUTABLE_FOLDER_PATH)/GlobalWeather";
			};
			name = Release;
		};
		CE65D97B2A728E7D009E6954 /* Debug */ = {
			isa = XCBuildConfiguration;
			baseConfigurationReference = CE9612B3053BD055CF15AF86 /* Pods-GlobalWeather-GlobalWeatherUITests.debug.xcconfig */;
			buildSettings = {
				ALWAYS_EMBED_SWIFT_STANDARD_LIBRARIES = YES;
				CODE_SIGN_STYLE = Automatic;
				CURRENT_PROJECT_VERSION = 1;
				DEVELOPMENT_TEAM = TV52855HY8;
				GENERATE_INFOPLIST_FILE = YES;
				MARKETING_VERSION = 1.0;
				PRODUCT_BUNDLE_IDENTIFIER = com.absadykov.kanat.GlobalWeatherUITests;
				PRODUCT_NAME = "$(TARGET_NAME)";
				SWIFT_EMIT_LOC_STRINGS = NO;
				SWIFT_VERSION = 5.0;
				TARGETED_DEVICE_FAMILY = "1,2";
				TEST_TARGET_NAME = GlobalWeather;
			};
			name = Debug;
		};
		CE65D97C2A728E7D009E6954 /* Release */ = {
			isa = XCBuildConfiguration;
			baseConfigurationReference = 4A6DB5C5EF073903963391B2 /* Pods-GlobalWeather-GlobalWeatherUITests.release.xcconfig */;
			buildSettings = {
				ALWAYS_EMBED_SWIFT_STANDARD_LIBRARIES = YES;
				CODE_SIGN_STYLE = Automatic;
				CURRENT_PROJECT_VERSION = 1;
				DEVELOPMENT_TEAM = TV52855HY8;
				GENERATE_INFOPLIST_FILE = YES;
				MARKETING_VERSION = 1.0;
				PRODUCT_BUNDLE_IDENTIFIER = com.absadykov.kanat.GlobalWeatherUITests;
				PRODUCT_NAME = "$(TARGET_NAME)";
				SWIFT_EMIT_LOC_STRINGS = NO;
				SWIFT_VERSION = 5.0;
				TARGETED_DEVICE_FAMILY = "1,2";
				TEST_TARGET_NAME = GlobalWeather;
			};
			name = Release;
		};
/* End XCBuildConfiguration section */

/* Begin XCConfigurationList section */
		CE65D9452A728E7B009E6954 /* Build configuration list for PBXProject "GlobalWeather" */ = {
			isa = XCConfigurationList;
			buildConfigurations = (
				CE65D9722A728E7D009E6954 /* Debug */,
				CE65D9732A728E7D009E6954 /* Release */,
			);
			defaultConfigurationIsVisible = 0;
			defaultConfigurationName = Release;
		};
		CE65D9742A728E7D009E6954 /* Build configuration list for PBXNativeTarget "GlobalWeather" */ = {
			isa = XCConfigurationList;
			buildConfigurations = (
				CE65D9752A728E7D009E6954 /* Debug */,
				CE65D9762A728E7D009E6954 /* Release */,
			);
			defaultConfigurationIsVisible = 0;
			defaultConfigurationName = Release;
		};
		CE65D9772A728E7D009E6954 /* Build configuration list for PBXNativeTarget "GlobalWeatherTests" */ = {
			isa = XCConfigurationList;
			buildConfigurations = (
				CE65D9782A728E7D009E6954 /* Debug */,
				CE65D9792A728E7D009E6954 /* Release */,
			);
			defaultConfigurationIsVisible = 0;
			defaultConfigurationName = Release;
		};
		CE65D97A2A728E7D009E6954 /* Build configuration list for PBXNativeTarget "GlobalWeatherUITests" */ = {
			isa = XCConfigurationList;
			buildConfigurations = (
				CE65D97B2A728E7D009E6954 /* Debug */,
				CE65D97C2A728E7D009E6954 /* Release */,
			);
			defaultConfigurationIsVisible = 0;
			defaultConfigurationName = Release;
		};
/* End XCConfigurationList section */
	};
	rootObject = CE65D9422A728E7B009E6954 /* Project object */;
}
